
Microsoft Visual Studio Solution File, Format Version 12.00
# Visual Studio Version 17
VisualStudioVersion = 17.14.36616.10 d17.14
MinimumVisualStudioVersion = 10.0.40219.1
Project("{8BC9CEB8-8B4A-11D0-8D11-00A0C91BC942}") = "3DGameProject", "3DGameProject\3DGameProject.vcxproj", "{35FDCB75-3F7A-44FE-A585-0AA3936617CC}"
EndProject
Global
	GlobalSection(SolutionConfigurationPlatforms) = preSolution
		Debug|x64 = Debug|x64
		Debug|x86 = Debug|x86
		Release|x64 = Release|x64
		Release|x86 = Release|x86
	EndGlobalSection
	GlobalSection(ProjectConfigurationPlatforms) = postSolution
		{35FDCB75-3F7A-44FE-A585-0AA3936617CC}.Debug|x64.ActiveCfg = Debug|x64
		{35FDCB75-3F7A-44FE-A585-0AA3936617CC}.Debug|x64.Build.0 = Debug|x64
		{35FDCB75-3F7A-44FE-A585-0AA3936617CC}.Debug|x86.ActiveCfg = Debug|Win32
		{35FDCB75-3F7A-44FE-A585-0AA3936617CC}.Debug|x86.Build.0 = Debug|Win32
		{35FDCB75-3F7A-44FE-A585-0AA3936617CC}.Release|x64.ActiveCfg = Release|x64
		{35FDCB75-3F7A-44FE-A585-0AA3936617CC}.Release|x64.Build.0 = Release|x64
		{35FDCB75-3F7A-44FE-A585-0AA3936617CC}.Release|x86.ActiveCfg = Release|Win32
		{35FDCB75-3F7A-44FE-A585-0AA3936617CC}.Release|x86.Build.0 = Release|Win32
	EndGlobalSection
	GlobalSection(SolutionProperties) = preSolution
		HideSolutionNode = FALSE
	EndGlobalSection
	GlobalSection(ExtensibilityGlobals) = postSolution
		SolutionGuid = {4F630069-72E5-4EE5-9A19-4CD2416741AF}
	EndGlobalSection
EndGlobal
