<?xml version="1.0" encoding="utf-8"?>
<Project ToolsVersion="4.0" xmlns="http://schemas.microsoft.com/developer/msbuild/2003">
  <ItemGroup>
    <Filter Include="ソース ファイル">
      <UniqueIdentifier>{4FC737F1-C7A5-4376-A066-2A32D752A2FF}</UniqueIdentifier>
      <Extensions>cpp;c;cc;cxx;c++;cppm;ixx;def;odl;idl;hpj;bat;asm;asmx</Extensions>
    </Filter>
    <Filter Include="ヘッダー ファイル">
      <UniqueIdentifier>{93995380-89BD-4b04-88EB-625FBE52EBFB}</UniqueIdentifier>
      <Extensions>h;hh;hpp;hxx;h++;hm;inl;inc;ipp;xsd</Extensions>
    </Filter>
    <Filter Include="リソース ファイル">
      <UniqueIdentifier>{67DA6AB6-F800-4c08-8B7A-83BB121AAD01}</UniqueIdentifier>
      <Extensions>rc;ico;cur;bmp;dlg;rc2;rct;bin;rgs;gif;jpg;jpeg;jpe;resx;tiff;tif;png;wav;mfcribbon-ms</Extensions>
    </Filter>
    <Filter Include="ヘッダー ファイル\System">
      <UniqueIdentifier>{e2e036a5-7653-44c2-8abd-cf0fec4c11ef}</UniqueIdentifier>
    </Filter>
    <Filter Include="ソース ファイル\System">
      <UniqueIdentifier>{f6879f6e-5dc8-41ba-a93b-bb547435ee31}</UniqueIdentifier>
    </Filter>
    <Filter Include="ソース ファイル\System\Assert">
      <UniqueIdentifier>{3dc798e2-dca2-4c29-bcf1-2e736ed4a0f4}</UniqueIdentifier>
    </Filter>
    <Filter Include="ヘッダー ファイル\System\Assert">
      <UniqueIdentifier>{66a0ceb0-6292-4d04-af4a-00c37e894654}</UniqueIdentifier>
    </Filter>
    <Filter Include="ヘッダー ファイル\Info">
      <UniqueIdentifier>{496f2053-9ac2-455c-b067-fad214550928}</UniqueIdentifier>
    </Filter>
    <Filter Include="メモ">
      <UniqueIdentifier>{9c4da798-14bd-41de-90de-21d25b15aeb7}</UniqueIdentifier>
    </Filter>
    <Filter Include="ソース ファイル\System\Time">
      <UniqueIdentifier>{c19cf0bb-6eef-4f01-949a-a888d37d598f}</UniqueIdentifier>
    </Filter>
    <Filter Include="ヘッダー ファイル\System\Time">
      <UniqueIdentifier>{a667f429-7e7f-40cf-ab4c-febdfe6d0605}</UniqueIdentifier>
    </Filter>
    <Filter Include="ソース ファイル\System\KeyInput">
      <UniqueIdentifier>{226a9d75-953b-44b0-a0da-4b60b9f3f08e}</UniqueIdentifier>
    </Filter>
    <Filter Include="ヘッダー ファイル\System\KeyInput">
      <UniqueIdentifier>{87c6688e-9643-42ff-9595-aba79726126b}</UniqueIdentifier>
    </Filter>
    <Filter Include="ソース ファイル\System\Object">
      <UniqueIdentifier>{61fc0bb7-22ca-4374-8874-26654c0ad834}</UniqueIdentifier>
    </Filter>
    <Filter Include="ソース ファイル\System\Object\Factory">
      <UniqueIdentifier>{2c17b69f-4ab3-40f7-8655-c24c8e02a685}</UniqueIdentifier>
    </Filter>
    <Filter Include="ソース ファイル\System\Object\GameObject">
      <UniqueIdentifier>{c62afa75-e41f-4e43-878c-756fc66458b7}</UniqueIdentifier>
    </Filter>
    <Filter Include="ヘッダー ファイル\System\Object">
      <UniqueIdentifier>{04098c31-96fa-42a9-bf44-44e9a6494b17}</UniqueIdentifier>
    </Filter>
    <Filter Include="ヘッダー ファイル\System\Object\Factory">
      <UniqueIdentifier>{ef5cb571-2945-4a2b-8844-190280dba311}</UniqueIdentifier>
    </Filter>
    <Filter Include="ヘッダー ファイル\System\Object\GameObject">
      <UniqueIdentifier>{dfbceb67-d47a-4003-811e-54d890b73aae}</UniqueIdentifier>
    </Filter>
    <Filter Include="ヘッダー ファイル\System\Object\Manager">
      <UniqueIdentifier>{445c8664-4574-4771-b68c-c99121d9a38e}</UniqueIdentifier>
    </Filter>
    <Filter Include="ソース ファイル\System\Object\Manager">
      <UniqueIdentifier>{1d71df1f-0751-4089-8007-1457c2d95e8a}</UniqueIdentifier>
    </Filter>
    <Filter Include="ヘッダー ファイル\System\Object\ObjectPool">
      <UniqueIdentifier>{a7542f12-4760-48ab-8659-2f386112fd72}</UniqueIdentifier>
    </Filter>
    <Filter Include="ソース ファイル\System\Object\ObjectPool">
      <UniqueIdentifier>{13073c25-ee11-4f47-8ba8-01e2d9b409fe}</UniqueIdentifier>
    </Filter>
    <Filter Include="ヘッダー ファイル\System\Object\Controller">
      <UniqueIdentifier>{3416d27f-9361-4528-ab54-b3c1dfc58b2c}</UniqueIdentifier>
    </Filter>
    <Filter Include="ソース ファイル\System\Object\Controller">
      <UniqueIdentifier>{c7f55215-b9a4-4a4b-87f0-31eea6d754af}</UniqueIdentifier>
    </Filter>
    <Filter Include="ヘッダー ファイル\System\Transform">
      <UniqueIdentifier>{dfe6f4d5-6929-4f85-8b52-bbd2779c0f90}</UniqueIdentifier>
    </Filter>
    <Filter Include="ソース ファイル\System\Transform">
      <UniqueIdentifier>{9ba1468b-5176-43f9-b0cb-85fa4a7bbf2c}</UniqueIdentifier>
    </Filter>
    <Filter Include="ヘッダー ファイル\System\Camera">
      <UniqueIdentifier>{7c903bf4-9f83-49f1-abd8-c71481b276da}</UniqueIdentifier>
    </Filter>
    <Filter Include="ソース ファイル\System\Camera">
      <UniqueIdentifier>{2c043859-5e20-4081-a964-840b96b1ce3e}</UniqueIdentifier>
    </Filter>
    <Filter Include="ヘッダー ファイル\System\Quaternion">
      <UniqueIdentifier>{31871bf8-68d6-429f-ab7b-bc44b170f5aa}</UniqueIdentifier>
    </Filter>
    <Filter Include="ソース ファイル\System\Quaternion">
      <UniqueIdentifier>{5bb0551c-63aa-4f69-b721-149aca503831}</UniqueIdentifier>
    </Filter>
    <Filter Include="ソース ファイル\System\Camera\Controller">
      <UniqueIdentifier>{12cdb610-3281-4e85-b7c4-716441fdddc3}</UniqueIdentifier>
    </Filter>
    <Filter Include="ソース ファイル\System\Camera\Manager">
      <UniqueIdentifier>{661b3e8f-903a-4507-87f0-25c067a3eb39}</UniqueIdentifier>
    </Filter>
    <Filter Include="ソース ファイル\System\Camera\Camera">
      <UniqueIdentifier>{b0243f3e-820f-44af-a277-eced620cd2e9}</UniqueIdentifier>
    </Filter>
    <Filter Include="ヘッダー ファイル\System\Camera\Camera">
      <UniqueIdentifier>{4d2cca7d-7117-4bc1-b4cf-833dbbf71f6f}</UniqueIdentifier>
    </Filter>
    <Filter Include="ヘッダー ファイル\System\Camera\Controller">
      <UniqueIdentifier>{1111014f-bd32-477d-ade4-fafa990355aa}</UniqueIdentifier>
    </Filter>
    <Filter Include="ヘッダー ファイル\System\Camera\Manager">
      <UniqueIdentifier>{40d1b744-c14f-43d5-8fd8-da1f0b9102ee}</UniqueIdentifier>
    </Filter>
    <Filter Include="ヘッダー ファイル\System\Camera\Tag">
      <UniqueIdentifier>{76fb8ea2-6007-4f25-9e64-2f5dfba0b342}</UniqueIdentifier>
    </Filter>
    <Filter Include="メモ\リファレンス・マニュアル">
      <UniqueIdentifier>{87a22cff-be1b-432d-883d-1b6f67a51eaa}</UniqueIdentifier>
    </Filter>
    <Filter Include="メモ\リファレンス・マニュアル\Camera">
      <UniqueIdentifier>{ee82c64d-18b9-4e73-b42b-147f4d76b84f}</UniqueIdentifier>
    </Filter>
    <Filter Include="メモ\リファレンス・マニュアル\Object">
      <UniqueIdentifier>{066ada23-47e9-473e-be26-538c61f6cc39}</UniqueIdentifier>
    </Filter>
    <Filter Include="ヘッダー ファイル\System\Collision">
      <UniqueIdentifier>{60d523c9-aefc-467a-b69d-6adea39ddeb3}</UniqueIdentifier>
    </Filter>
    <Filter Include="ソース ファイル\System\Collision">
      <UniqueIdentifier>{07724d06-2961-425b-9f26-2bb6aac86e55}</UniqueIdentifier>
    </Filter>
    <Filter Include="ヘッダー ファイル\System\Collision\Collider">
      <UniqueIdentifier>{49ceb8a8-dc8f-4a52-a238-3e8626c054d9}</UniqueIdentifier>
    </Filter>
    <Filter Include="ヘッダー ファイル\System\Collision\Manager">
      <UniqueIdentifier>{536523ad-a61a-4f1d-9899-1e6021cf346a}</UniqueIdentifier>
    </Filter>
    <Filter Include="ソース ファイル\System\Collision\Manager">
      <UniqueIdentifier>{e2ab13b0-4002-4b9d-91ef-6467754a61fd}</UniqueIdentifier>
    </Filter>
    <Filter Include="ソース ファイル\System\Collision\Primitive">
      <UniqueIdentifier>{b3c04b48-e64e-4e65-b078-b7b3584ce05e}</UniqueIdentifier>
    </Filter>
    <Filter Include="ヘッダー ファイル\System\Collision\Primitive">
      <UniqueIdentifier>{3eefa4c5-8d86-42f4-9941-a76d08db037d}</UniqueIdentifier>
    </Filter>
    <Filter Include="ヘッダー ファイル\System\Collision\Type">
      <UniqueIdentifier>{af383554-9ce3-4ce0-80e9-d7a3df1a98f9}</UniqueIdentifier>
    </Filter>
    <Filter Include="ヘッダー ファイル\System\Collision\Primitive\Capsule">
      <UniqueIdentifier>{945484a2-55ba-46c9-ab31-2ac7cf78edb8}</UniqueIdentifier>
    </Filter>
    <Filter Include="ヘッダー ファイル\System\Collision\Primitive\Box">
      <UniqueIdentifier>{49d635d7-0d00-4d49-94be-0fb0471d8238}</UniqueIdentifier>
    </Filter>
    <Filter Include="ヘッダー ファイル\System\Collision\Primitive\Sphere">
      <UniqueIdentifier>{f36bc550-c13f-404c-9c98-948e72febbd0}</UniqueIdentifier>
    </Filter>
    <Filter Include="ソース ファイル\System\Collision\Primitive\Sphere">
      <UniqueIdentifier>{5cd5656c-96f4-47be-9c35-779cbeea21b7}</UniqueIdentifier>
    </Filter>
    <Filter Include="ソース ファイル\System\Collision\Primitive\Box">
      <UniqueIdentifier>{9e9be629-f1e0-4ee5-9b64-cad1a281da7e}</UniqueIdentifier>
    </Filter>
    <Filter Include="ソース ファイル\System\Collision\Primitive\Capsule">
      <UniqueIdentifier>{d5c0e587-ceff-47fa-8cb8-a32c3547af83}</UniqueIdentifier>
    </Filter>
    <Filter Include="ヘッダー ファイル\System\Collision\LayerMask">
      <UniqueIdentifier>{27abaee4-1480-4c68-82f9-84490a01a395}</UniqueIdentifier>
    </Filter>
    <Filter Include="メモ\リファレンス・マニュアル\Collider">
      <UniqueIdentifier>{be4725aa-40d3-494e-add0-6c66d1b95206}</UniqueIdentifier>
    </Filter>
    <Filter Include="ヘッダー ファイル\System\Template">
      <UniqueIdentifier>{ab715ec8-fb88-4389-a1c2-bc02c0584aa4}</UniqueIdentifier>
    </Filter>
    <Filter Include="ヘッダー ファイル\System\Template\ManagerTpl">
      <UniqueIdentifier>{e24bc90b-3186-4a5a-bde6-49670e893727}</UniqueIdentifier>
    </Filter>
    <Filter Include="ヘッダー ファイル\System\Template\PoolTpl">
      <UniqueIdentifier>{d01f3a63-9af3-4390-9b42-ffe3a46a1194}</UniqueIdentifier>
    </Filter>
    <Filter Include="ヘッダー ファイル\System\Camera\CameraPool">
      <UniqueIdentifier>{c24724de-12ca-4dd4-9d3c-b3e5e23e29a6}</UniqueIdentifier>
    </Filter>
    <Filter Include="ヘッダー ファイル\System\Bgm">
      <UniqueIdentifier>{fb960d30-34a2-4734-83d6-25e4232c3029}</UniqueIdentifier>
    </Filter>
    <Filter Include="ヘッダー ファイル\System\Se">
      <UniqueIdentifier>{b131ad30-ccab-418c-aadd-c4143f829383}</UniqueIdentifier>
    </Filter>
    <Filter Include="ヘッダー ファイル\System\Bgm\Manager">
      <UniqueIdentifier>{a0df9a24-3882-43b5-ad8a-94c825d4ea2f}</UniqueIdentifier>
    </Filter>
    <Filter Include="ヘッダー ファイル\System\Se\Manager">
      <UniqueIdentifier>{9ea4a29e-0db1-4054-8ad3-6e05e2e11526}</UniqueIdentifier>
    </Filter>
    <Filter Include="ヘッダー ファイル\System\Bgm\Pool">
      <UniqueIdentifier>{e36784a9-bc7c-4e55-889e-3102c708cfa9}</UniqueIdentifier>
    </Filter>
    <Filter Include="ヘッダー ファイル\System\Se\Pool">
      <UniqueIdentifier>{2a0a1cbb-96dc-433c-b859-156e79fa5934}</UniqueIdentifier>
    </Filter>
    <Filter Include="ヘッダー ファイル\System\Se\Se">
      <UniqueIdentifier>{a6443e68-9348-4ecd-a9a7-4f7e9485c0a0}</UniqueIdentifier>
    </Filter>
    <Filter Include="ヘッダー ファイル\System\Bgm\Bgm">
      <UniqueIdentifier>{1382b8b2-2c65-4912-ba89-a8505d35b921}</UniqueIdentifier>
    </Filter>
    <Filter Include="ソース ファイル\System\Se">
      <UniqueIdentifier>{778b58a0-6755-4110-9193-154811e3dcf2}</UniqueIdentifier>
    </Filter>
    <Filter Include="ソース ファイル\System\Se\Se">
      <UniqueIdentifier>{c7a83ec6-a9a4-4d85-992c-3d4ce060f62c}</UniqueIdentifier>
    </Filter>
    <Filter Include="ソース ファイル\System\Se\Manager">
      <UniqueIdentifier>{7a8e9729-c5bc-461f-b832-652a53d845bd}</UniqueIdentifier>
    </Filter>
    <Filter Include="ソース ファイル\System\Bgm">
      <UniqueIdentifier>{eef0a3b3-783f-4f55-b7ae-82d615b94bf8}</UniqueIdentifier>
    </Filter>
    <Filter Include="ソース ファイル\System\Bgm\Bgm">
      <UniqueIdentifier>{a61d733a-ef8f-40fe-b35d-7441653957d3}</UniqueIdentifier>
    </Filter>
    <Filter Include="ソース ファイル\System\Bgm\Manager">
      <UniqueIdentifier>{5500c550-125a-474b-b6c5-67aa68467093}</UniqueIdentifier>
    </Filter>
    <Filter Include="ソース ファイル\System\Physics">
      <UniqueIdentifier>{96effe93-c4a1-4e75-a768-98a9a9e3de35}</UniqueIdentifier>
    </Filter>
    <Filter Include="ソース ファイル\System\Physics\Manager">
      <UniqueIdentifier>{10f48bca-570b-47e0-8f2e-abe200bacedd}</UniqueIdentifier>
    </Filter>
    <Filter Include="ヘッダー ファイル\System\Physics">
      <UniqueIdentifier>{d214e332-2bf8-408b-8ad5-c9a7a6025a9e}</UniqueIdentifier>
    </Filter>
    <Filter Include="ヘッダー ファイル\System\Physics\Physics">
      <UniqueIdentifier>{20495d4d-ca89-4afe-abeb-d845bdb8deeb}</UniqueIdentifier>
    </Filter>
    <Filter Include="ヘッダー ファイル\System\Physics\Manager">
      <UniqueIdentifier>{d5726ec0-9358-49c5-ab35-47c608226a3a}</UniqueIdentifier>
    </Filter>
    <Filter Include="ヘッダー ファイル\System\Ray">
      <UniqueIdentifier>{cab3f7ac-08a2-48aa-af02-1f7776971669}</UniqueIdentifier>
    </Filter>
    <Filter Include="ヘッダー ファイル\System\Ray\Cast">
      <UniqueIdentifier>{837520e0-3765-494a-876e-3c30112d75e6}</UniqueIdentifier>
    </Filter>
    <Filter Include="ソース ファイル\System\Ray">
      <UniqueIdentifier>{7ecc08db-7dd8-4b8b-9517-5aa4a1842982}</UniqueIdentifier>
    </Filter>
    <Filter Include="ヘッダー ファイル\System\Thread">
      <UniqueIdentifier>{28b242d5-49ab-46ad-bb65-92d2a254f449}</UniqueIdentifier>
    </Filter>
    <Filter Include="ヘッダー ファイル\System\Thread\Pool">
      <UniqueIdentifier>{84d78d71-5e30-4234-a26d-8bed5f55dd49}</UniqueIdentifier>
    </Filter>
    <Filter Include="ヘッダー ファイル\System\Physics\Material">
      <UniqueIdentifier>{c17ceccd-661b-49d0-b2ea-be4eb776d870}</UniqueIdentifier>
    </Filter>
    <Filter Include="ヘッダー ファイル\System\Collision\Primitive\Compound">
      <UniqueIdentifier>{98b4a9b2-997a-46d4-92bf-77cea6456564}</UniqueIdentifier>
    </Filter>
    <Filter Include="ヘッダー ファイル\System\Collision\Primitive\HalfPlane">
      <UniqueIdentifier>{17694504-74e7-4cf7-805c-e9964bab27ee}</UniqueIdentifier>
    </Filter>
    <Filter Include="ソース ファイル\System\Collision\Primitive\HalfPlane">
      <UniqueIdentifier>{19a16c6b-03f6-4fb9-88df-91b425564725}</UniqueIdentifier>
    </Filter>
    <Filter Include="ヘッダー ファイル\System\Collision\Primitive\Mesh">
      <UniqueIdentifier>{8a2b1c4d-1111-4aaa-9bbb-111122223333}</UniqueIdentifier>
    </Filter>
    <Filter Include="ソース ファイル\System\Collision\Primitive\Mesh">
      <UniqueIdentifier>{8a2b1c4d-2222-4aaa-9bbb-444455556666}</UniqueIdentifier>
    </Filter>
    <Filter Include="ヘッダー ファイル\System\Monitor">
      <UniqueIdentifier>{4dfb5f6f-de3b-47c1-bec8-a76560933f19}</UniqueIdentifier>
    </Filter>
    <Filter Include="ヘッダー ファイル\System\Monitor\Performance">
      <UniqueIdentifier>{66e70a48-ec97-4918-bd89-8a9e9aec632e}</UniqueIdentifier>
    </Filter>
    <Filter Include="ソース ファイル\System\Monitor">
      <UniqueIdentifier>{c084447d-2236-440a-9612-6e95b28d53fd}</UniqueIdentifier>
    </Filter>
    <Filter Include="ソース ファイル\System\Monitor\Performance">
      <UniqueIdentifier>{4ef69fe2-4bd6-444f-8598-57e1ff817f7c}</UniqueIdentifier>
    </Filter>
    <Filter Include="ソース ファイル\System\Collision\Manager\ThreadSafe">
      <UniqueIdentifier>{4602a4bb-f24e-4c59-8e92-32a9e370968b}</UniqueIdentifier>
    </Filter>
    <Filter Include="ヘッダー ファイル\System\Physics\Manager\Internal">
      <UniqueIdentifier>{f081de8f-6dd2-4a65-9fa9-356f38110c82}</UniqueIdentifier>
    </Filter>
    <Filter Include="ソース ファイル\System\Physics\Body">
      <UniqueIdentifier>{12dae0e3-04fb-4122-ab04-df21bd3f6473}</UniqueIdentifier>
    </Filter>
    <Filter Include="ソース ファイル\System\Physics\Cntacts">
      <UniqueIdentifier>{07458843-204f-4a7d-b54a-f2faa504e7ce}</UniqueIdentifier>
    </Filter>
    <Filter Include="ソース ファイル\System\Physics\Islands">
      <UniqueIdentifier>{c7ddf9ed-7059-43c8-bc6b-2d46ac86eca0}</UniqueIdentifier>
    </Filter>
    <Filter Include="ソース ファイル\System\Physics\Integration">
      <UniqueIdentifier>{44d77cad-9af7-4639-a05d-86c35dafe3ca}</UniqueIdentifier>
    </Filter>
    <Filter Include="ソース ファイル\System\Physics\Solver">
      <UniqueIdentifier>{f093d02d-ee73-4a16-9cbc-92d9883588d2}</UniqueIdentifier>
    </Filter>
    <Filter Include="ソース ファイル\System\Physics\Ccd">
      <UniqueIdentifier>{4f4431ce-ad93-4f37-86a6-1bdc56899565}</UniqueIdentifier>
    </Filter>
    <Filter Include="ヘッダー ファイル\System\Monitor\Physice">
      <UniqueIdentifier>{8788e1c0-d5aa-4161-a311-8c58f1999f8f}</UniqueIdentifier>
    </Filter>
    <Filter Include="ソース ファイル\System\Monitor\Physice">
      <UniqueIdentifier>{36a826d1-4ee5-47d0-af52-ad5be6b1b5d7}</UniqueIdentifier>
    </Filter>
    <Filter Include="ヘッダー ファイル\System\Collision\DynamicAABBTree">
      <UniqueIdentifier>{6a892de5-d5c6-4bfa-ac10-93a03ab03752}</UniqueIdentifier>
    </Filter>
    <Filter Include="ソース ファイル\System\Collision\DynamicAABBTree">
      <UniqueIdentifier>{8a5359ea-2427-4fa2-98f1-b38f0ed3c92b}</UniqueIdentifier>
    </Filter>
    <Filter Include="ソース ファイル\System\Collision\Collider">
      <UniqueIdentifier>{199cbd64-6423-496e-b2ec-27f95fa8288c}</UniqueIdentifier>
    </Filter>
    <Filter Include="ソース ファイル\System\SkyBox">
      <UniqueIdentifier>{2384aec2-6847-4e87-b49a-a1239acfe3ba}</UniqueIdentifier>
    </Filter>
    <Filter Include="ソース ファイル\System\SkyBox\SkyBox">
      <UniqueIdentifier>{c28c3c38-2dce-4189-b057-06d41aa7634e}</UniqueIdentifier>
    </Filter>
    <Filter Include="ソース ファイル\System\Model">
      <UniqueIdentifier>{a81e76a3-20d0-4e68-a2ac-88d319ccfc95}</UniqueIdentifier>
    </Filter>
    <Filter Include="ソース ファイル\System\Model\Manager">
      <UniqueIdentifier>{de925c99-4687-41e3-a693-d740fc902ffa}</UniqueIdentifier>
    </Filter>
    <Filter Include="ソース ファイル\System\Model\Mv1">
      <UniqueIdentifier>{f19dbf0a-9fd1-45a4-8ba0-5040c6765831}</UniqueIdentifier>
    </Filter>
    <Filter Include="ヘッダー ファイル\System\Bit">
      <UniqueIdentifier>{c39762a3-d99d-46b9-a300-704fa8832823}</UniqueIdentifier>
    </Filter>
    <Filter Include="ヘッダー ファイル\System\Bit\Operation">
      <UniqueIdentifier>{074ff220-d041-4934-bdfb-1ffcbdd1f6d9}</UniqueIdentifier>
    </Filter>
    <Filter Include="ヘッダー ファイル\System\Model">
      <UniqueIdentifier>{5ebc054d-b423-4fe6-97c2-b1731c878157}</UniqueIdentifier>
    </Filter>
    <Filter Include="ヘッダー ファイル\System\Model\IModel">
      <UniqueIdentifier>{a9e66fa5-10b6-4bc3-86f8-38536cce40a2}</UniqueIdentifier>
    </Filter>
    <Filter Include="ヘッダー ファイル\System\Model\Manager">
      <UniqueIdentifier>{868b6bf6-2704-4c4a-9c20-b2884715c93f}</UniqueIdentifier>
    </Filter>
    <Filter Include="ヘッダー ファイル\System\Model\Pool">
      <UniqueIdentifier>{4daac25b-fdf9-4e22-ba4f-ef28078139ec}</UniqueIdentifier>
    </Filter>
    <Filter Include="ヘッダー ファイル\System\Model\Mv1">
      <UniqueIdentifier>{7db4262d-50dd-4d72-a2d0-b4c5685dd0fa}</UniqueIdentifier>
    </Filter>
    <Filter Include="ヘッダー ファイル\System\Physics\Ccd">
      <UniqueIdentifier>{13aba755-24a8-4a6e-9d6d-c783d7f5b1ae}</UniqueIdentifier>
    </Filter>
    <Filter Include="ヘッダー ファイル\System\SkyBox">
      <UniqueIdentifier>{946bdd1d-c8b9-4b68-acbc-78d6fc2ee880}</UniqueIdentifier>
    </Filter>
    <Filter Include="ヘッダー ファイル\System\SkyBox\SkyBox">
      <UniqueIdentifier>{d6328875-30ac-4152-9919-228e3ae9f833}</UniqueIdentifier>
    </Filter>
    <Filter Include="ソース ファイル\Main">
      <UniqueIdentifier>{ead7efd8-2253-40d6-a0e0-5542923c5269}</UniqueIdentifier>
    </Filter>
    <Filter Include="ソース ファイル\Main\TitleScene">
      <UniqueIdentifier>{0bc36268-3e47-45b7-a6a4-2fde3702c1f8}</UniqueIdentifier>
    </Filter>
    <Filter Include="ソース ファイル\System\Scene">
      <UniqueIdentifier>{7defd913-7c24-488c-b9b8-6956e42e8196}</UniqueIdentifier>
    </Filter>
    <Filter Include="ソース ファイル\System\Scene\Manager">
      <UniqueIdentifier>{ccbd7c0b-4d6f-4e60-965c-f09378c4fed1}</UniqueIdentifier>
    </Filter>
    <Filter Include="ソース ファイル\System\Scene\Transition">
      <UniqueIdentifier>{5b832177-3ea6-4181-bd18-ce7eefa94ce3}</UniqueIdentifier>
    </Filter>
    <Filter Include="ヘッダー ファイル\System\Scene">
      <UniqueIdentifier>{ce37ff07-9a41-4655-89ae-af009e9f6b17}</UniqueIdentifier>
    </Filter>
    <Filter Include="ヘッダー ファイル\System\Scene\Manager">
      <UniqueIdentifier>{517faf94-7664-4a02-a9f4-85a1f573e85d}</UniqueIdentifier>
    </Filter>
    <Filter Include="ヘッダー ファイル\System\Scene\Transition">
      <UniqueIdentifier>{1321e9dc-b635-402a-8da3-b54aea79c080}</UniqueIdentifier>
    </Filter>
    <Filter Include="ヘッダー ファイル\Scene">
      <UniqueIdentifier>{92342e2d-8a88-435d-87bf-01fa70e44d48}</UniqueIdentifier>
    </Filter>
    <Filter Include="ヘッダー ファイル\Scene\Game">
      <UniqueIdentifier>{cc7da99e-a4fa-4e5b-b044-014f32f0593a}</UniqueIdentifier>
    </Filter>
    <Filter Include="ヘッダー ファイル\Scene\Demo">
      <UniqueIdentifier>{84989092-935c-449b-bea9-79f52ba89fcd}</UniqueIdentifier>
    </Filter>
    <Filter Include="ヘッダー ファイル\Main">
      <UniqueIdentifier>{2d00cc22-551d-4b2d-be07-6ffd743e9ac1}</UniqueIdentifier>
    </Filter>
    <Filter Include="ヘッダー ファイル\Main\Title">
      <UniqueIdentifier>{6de5a99c-535d-4c89-a868-62bc0114961b}</UniqueIdentifier>
    </Filter>
    <Filter Include="ヘッダー ファイル\Scene\Game\MiniGame">
      <UniqueIdentifier>{02f9a017-ac15-4255-bf2b-d863a762d647}</UniqueIdentifier>
    </Filter>
    <Filter Include="ヘッダー ファイル\Scene\Game\MiniGame\MiniGame1">
      <UniqueIdentifier>{be7d3bd4-2296-49b6-9ac1-97102549162e}</UniqueIdentifier>
    </Filter>
    <Filter Include="ヘッダー ファイル\Scene\Game\MiniGame\MiniGame1\Object">
      <UniqueIdentifier>{019908f5-0cb1-41aa-8149-0e5c7b77895a}</UniqueIdentifier>
    </Filter>
    <Filter Include="ヘッダー ファイル\Scene\Game\MiniGame\MiniGame1\Object\Player">
      <UniqueIdentifier>{5ce6a746-993e-48ce-9332-bd6801052e6c}</UniqueIdentifier>
    </Filter>
    <Filter Include="ヘッダー ファイル\Scene\Game\MiniGame\MiniGame1\Object\Player\GunSystem">
      <UniqueIdentifier>{deba10ab-68e3-4003-a242-056b80591ba1}</UniqueIdentifier>
    </Filter>
    <Filter Include="ヘッダー ファイル\Scene\Game\MiniGame\MiniGame1\Object\Player\Bullet">
      <UniqueIdentifier>{0177e19e-4060-44d0-8e36-4b2f07683fb6}</UniqueIdentifier>
    </Filter>
    <Filter Include="ヘッダー ファイル\Scene\Game\MiniGame\MiniGame1\Object\Enemy">
      <UniqueIdentifier>{217a29ed-c4ff-4414-8374-fec50031e775}</UniqueIdentifier>
    </Filter>
    <Filter Include="ヘッダー ファイル\Scene\Game\MiniGame\MiniGame1\Object\Enemy\Difficulty">
      <UniqueIdentifier>{b99f52ad-07b6-4313-b406-7da92fe9048d}</UniqueIdentifier>
    </Filter>
    <Filter Include="ヘッダー ファイル\Scene\Game\MiniGame\MiniGame1\Object\Interface">
      <UniqueIdentifier>{bd53f1ca-9427-455f-9ad6-c0b3a5225efc}</UniqueIdentifier>
    </Filter>
    <Filter Include="ヘッダー ファイル\Scene\Game\MiniGame\MiniGame1\Scene">
      <UniqueIdentifier>{369ce6ef-8299-4673-a4ce-950c7ebbec32}</UniqueIdentifier>
    </Filter>
    <Filter Include="ヘッダー ファイル\Scene\Game\MiniGame\MiniGame1\Scene\Menu">
      <UniqueIdentifier>{c69a0258-85fb-4484-b6a6-1ebf8f87a78b}</UniqueIdentifier>
    </Filter>
    <Filter Include="ヘッダー ファイル\Scene\Game\MiniGame\MiniGame1\Scene\Stage">
      <UniqueIdentifier>{1deb461a-d2e4-47a6-b5e3-7e413106ceb1}</UniqueIdentifier>
    </Filter>
    <Filter Include="ヘッダー ファイル\Scene\Game\MiniGame\MiniGame1\UI">
      <UniqueIdentifier>{a413f8d5-e6ad-4f2d-9d19-33fce261193f}</UniqueIdentifier>
    </Filter>
    <Filter Include="ヘッダー ファイル\Scene\Game\MiniGame\MiniGame1\UI\Hub">
      <UniqueIdentifier>{297f253c-8db2-44a6-8d7d-fcd18d0501e3}</UniqueIdentifier>
    </Filter>
    <Filter Include="ヘッダー ファイル\Scene\Demo\Debug">
      <UniqueIdentifier>{7e78d1c6-15fc-4bf0-9ff6-dadeff31049c}</UniqueIdentifier>
    </Filter>
    <Filter Include="ヘッダー ファイル\Scene\Demo\Debug\Camera">
      <UniqueIdentifier>{650d5627-6884-41ae-9af5-993c35f94c1f}</UniqueIdentifier>
    </Filter>
    <Filter Include="ヘッダー ファイル\Scene\Demo\Debug\Camera\Object">
      <UniqueIdentifier>{ada5bba5-f0c4-4a80-9169-f01fbd43d2a3}</UniqueIdentifier>
    </Filter>
    <Filter Include="ヘッダー ファイル\Scene\Demo\Debug\Camera\Scene">
      <UniqueIdentifier>{7780b9d6-e5a0-4cd9-a4e5-e41b3a0cd673}</UniqueIdentifier>
    </Filter>
    <Filter Include="ヘッダー ファイル\Scene\Demo\Debug\Collision">
      <UniqueIdentifier>{90c5d789-0a9b-4a4a-a511-314b8898ccfb}</UniqueIdentifier>
    </Filter>
    <Filter Include="ヘッダー ファイル\Scene\Demo\Debug\Collision\Object">
      <UniqueIdentifier>{e87de81e-7264-4625-9ab1-b59d342fb349}</UniqueIdentifier>
    </Filter>
    <Filter Include="ヘッダー ファイル\Scene\Demo\Debug\Collision\Scene">
      <UniqueIdentifier>{fc7dd07c-76ea-4d41-ba55-5ca514a43dde}</UniqueIdentifier>
    </Filter>
    <Filter Include="ヘッダー ファイル\Scene\Demo\Debug\ObjectPool">
      <UniqueIdentifier>{98debd39-5170-459e-bf93-f294c0eb17da}</UniqueIdentifier>
    </Filter>
    <Filter Include="ヘッダー ファイル\Scene\Demo\Debug\ObjectPool\Object">
      <UniqueIdentifier>{bed4a462-d7e3-465c-bcbb-b72b52cc422e}</UniqueIdentifier>
    </Filter>
    <Filter Include="ヘッダー ファイル\Scene\Demo\Debug\ObjectPool\Scene">
      <UniqueIdentifier>{2f373b4a-e290-413f-bef7-eecd50efb1a8}</UniqueIdentifier>
    </Filter>
    <Filter Include="ヘッダー ファイル\Scene\Demo\Debug\Physics">
      <UniqueIdentifier>{26dbeffc-d1d2-4895-bfaf-98b4c6047e96}</UniqueIdentifier>
    </Filter>
    <Filter Include="ヘッダー ファイル\Scene\Demo\Debug\Physics\Object">
      <UniqueIdentifier>{5031bed5-73c8-44b5-8d9a-067247980cf9}</UniqueIdentifier>
    </Filter>
    <Filter Include="ヘッダー ファイル\Scene\Demo\Debug\Physics\Scene">
      <UniqueIdentifier>{4c30b1e0-b584-4b2a-b141-eca6d4522356}</UniqueIdentifier>
    </Filter>
    <Filter Include="ヘッダー ファイル\Scene\Demo\Debug\Transform">
      <UniqueIdentifier>{3febb48f-87f6-46bb-9ff9-b69d9dfcf0e1}</UniqueIdentifier>
    </Filter>
    <Filter Include="ヘッダー ファイル\Scene\Demo\Debug\Transform\Object">
      <UniqueIdentifier>{6d275b5d-6767-4fad-aa94-6e4354092ec3}</UniqueIdentifier>
    </Filter>
    <Filter Include="ヘッダー ファイル\Scene\Demo\Debug\Transform\Scene">
      <UniqueIdentifier>{3f30d1b9-58ba-4f76-986e-4b771c76b8f7}</UniqueIdentifier>
    </Filter>
    <Filter Include="ヘッダー ファイル\Scene\Demo\Debug\SkyBox">
      <UniqueIdentifier>{1d6f152f-416b-4788-a814-02bd31ae7c0c}</UniqueIdentifier>
    </Filter>
    <Filter Include="ヘッダー ファイル\Scene\Demo\Debug\SkyBox\Scene">
      <UniqueIdentifier>{caf7d2d6-dc76-4e40-b5e9-c26293df7263}</UniqueIdentifier>
    </Filter>
    <Filter Include="ヘッダー ファイル\Scene\Demo\Debug\PublicObject">
      <UniqueIdentifier>{bcb9f486-2b92-4d60-809b-6ff995dda8df}</UniqueIdentifier>
    </Filter>
    <Filter Include="ヘッダー ファイル\Scene\Demo\Debug\Ccd">
      <UniqueIdentifier>{e19c67a0-5558-4507-882b-6b63767c3fc3}</UniqueIdentifier>
    </Filter>
    <Filter Include="ヘッダー ファイル\Scene\Demo\Debug\Ccd\Scene">
      <UniqueIdentifier>{cef58c51-b66f-4826-86d5-fd5ab18f405b}</UniqueIdentifier>
    </Filter>
    <Filter Include="ソース ファイル\Scene">
      <UniqueIdentifier>{ba3a94ff-e165-4b76-b345-60726d4ec976}</UniqueIdentifier>
    </Filter>
    <Filter Include="ソース ファイル\Scene\Demo">
      <UniqueIdentifier>{e7a1ae21-3337-4956-848d-7589eb3b0990}</UniqueIdentifier>
    </Filter>
    <Filter Include="ソース ファイル\Scene\Game">
      <UniqueIdentifier>{044366a2-b2aa-4435-ba95-207548f5e846}</UniqueIdentifier>
    </Filter>
    <Filter Include="ソース ファイル\Scene\Game\MiniGame">
      <UniqueIdentifier>{c15b0963-27e5-427f-8a93-537562d7c34c}</UniqueIdentifier>
    </Filter>
    <Filter Include="ソース ファイル\Scene\Game\MiniGame\MiniGame1">
      <UniqueIdentifier>{b9c23854-4fb6-41b2-b504-c7262933774b}</UniqueIdentifier>
    </Filter>
    <Filter Include="ソース ファイル\Scene\Game\MiniGame\MiniGame1\Object">
      <UniqueIdentifier>{684a6c0c-646a-41b9-be40-4458e1c9f650}</UniqueIdentifier>
    </Filter>
    <Filter Include="ソース ファイル\Scene\Game\MiniGame\MiniGame1\Object\Player">
      <UniqueIdentifier>{b156a7a9-52ce-4afd-a7ab-6a00b2aeda5f}</UniqueIdentifier>
    </Filter>
    <Filter Include="ソース ファイル\Scene\Game\MiniGame\MiniGame1\Object\Player\GunSystem">
      <UniqueIdentifier>{fe935349-00e9-48b1-a6fb-0987a253b5c5}</UniqueIdentifier>
    </Filter>
    <Filter Include="ソース ファイル\Scene\Game\MiniGame\MiniGame1\Object\Player\Bullet">
      <UniqueIdentifier>{d1b7f0ea-d718-4b66-aab6-9cc6c278060f}</UniqueIdentifier>
    </Filter>
    <Filter Include="ソース ファイル\Scene\Game\MiniGame\MiniGame1\Object\Enemy">
      <UniqueIdentifier>{105dd0e2-a507-475b-ad4f-bdb4deca429f}</UniqueIdentifier>
    </Filter>
    <Filter Include="ソース ファイル\Scene\Game\MiniGame\MiniGame1\Scene">
      <UniqueIdentifier>{271ce988-50d5-492c-a6e8-738df93ce5e2}</UniqueIdentifier>
    </Filter>
    <Filter Include="ソース ファイル\Scene\Game\MiniGame\MiniGame1\Scene\Menu">
      <UniqueIdentifier>{3f7af9e8-bb1f-477b-ab49-a0c10cb4248c}</UniqueIdentifier>
    </Filter>
    <Filter Include="ソース ファイル\Scene\Game\MiniGame\MiniGame1\Scene\Stage">
      <UniqueIdentifier>{0c0d5e1e-60e5-4127-ba71-a604036fe902}</UniqueIdentifier>
    </Filter>
    <Filter Include="ソース ファイル\Scene\Game\MiniGame\MiniGame1\UI">
      <UniqueIdentifier>{629b7eaa-7a59-4c87-a28d-b924105def30}</UniqueIdentifier>
    </Filter>
    <Filter Include="ソース ファイル\Scene\Game\MiniGame\MiniGame1\UI\Hub">
      <UniqueIdentifier>{38cc9152-0fee-4d69-b162-17527655dc28}</UniqueIdentifier>
    </Filter>
    <Filter Include="ソース ファイル\Scene\Demo\Debug">
      <UniqueIdentifier>{9c8679e1-4659-4062-addd-b501f77e220a}</UniqueIdentifier>
    </Filter>
    <Filter Include="ソース ファイル\Scene\Demo\Debug\Physics">
      <UniqueIdentifier>{22b25790-46bc-4850-a93b-5bd5c6281021}</UniqueIdentifier>
    </Filter>
    <Filter Include="ソース ファイル\Scene\Demo\Debug\Physics\Scene">
      <UniqueIdentifier>{7506ac4b-0822-40d3-ae4a-969df55a85d9}</UniqueIdentifier>
    </Filter>
    <Filter Include="ソース ファイル\Scene\Demo\Debug\Physics\Object">
      <UniqueIdentifier>{5dfc4e8f-a2c0-4be9-9d83-c5359354ece4}</UniqueIdentifier>
    </Filter>
    <Filter Include="ソース ファイル\Scene\Demo\Debug\Camera">
      <UniqueIdentifier>{20b4289e-f04c-4318-8463-762cdb72d248}</UniqueIdentifier>
    </Filter>
    <Filter Include="ソース ファイル\Scene\Demo\Debug\Camera\Object">
      <UniqueIdentifier>{cb7ea170-7d69-458d-b413-75f0f084807d}</UniqueIdentifier>
    </Filter>
    <Filter Include="ソース ファイル\Scene\Demo\Debug\Camera\Scene">
      <UniqueIdentifier>{a22677ca-1f3b-4192-bff3-c5c520ea1534}</UniqueIdentifier>
    </Filter>
    <Filter Include="ソース ファイル\Scene\Demo\Debug\Collision">
      <UniqueIdentifier>{44b6cfb6-44ca-4b34-8586-8db86685f234}</UniqueIdentifier>
    </Filter>
    <Filter Include="ソース ファイル\Scene\Demo\Debug\Collision\Scene">
      <UniqueIdentifier>{437558b0-cc1e-49ab-9dc9-ee206b065efa}</UniqueIdentifier>
    </Filter>
    <Filter Include="ソース ファイル\Scene\Demo\Debug\ObjectPool">
      <UniqueIdentifier>{5395bc22-3e22-4c44-853b-18020698d0dc}</UniqueIdentifier>
    </Filter>
    <Filter Include="ソース ファイル\Scene\Demo\Debug\ObjectPool\Scene">
      <UniqueIdentifier>{98f254fb-2879-4b5f-a22f-497d50246af0}</UniqueIdentifier>
    </Filter>
    <Filter Include="ソース ファイル\Scene\Demo\Debug\SkyBox">
      <UniqueIdentifier>{93391c0f-e1a3-4446-b539-93d8c3e6a913}</UniqueIdentifier>
    </Filter>
    <Filter Include="ソース ファイル\Scene\Demo\Debug\SkyBox\Scene">
      <UniqueIdentifier>{d8ee3b3f-cde9-48dd-baa5-b43237e7d815}</UniqueIdentifier>
    </Filter>
    <Filter Include="ソース ファイル\Scene\Demo\Debug\Transform.">
      <UniqueIdentifier>{2f1e16e4-50d0-4c99-86e5-c96646af755a}</UniqueIdentifier>
    </Filter>
    <Filter Include="ソース ファイル\Scene\Demo\Debug\Transform.\Scene">
      <UniqueIdentifier>{d8b31497-4667-442f-a744-a900f93000e2}</UniqueIdentifier>
    </Filter>
    <Filter Include="ソース ファイル\Scene\Demo\Debug\Ccd">
      <UniqueIdentifier>{d190c951-ef3b-4d05-9733-28aeb358706d}</UniqueIdentifier>
    </Filter>
    <Filter Include="ソース ファイル\Scene\Demo\Debug\Ccd\Scene">
      <UniqueIdentifier>{d73b2785-29c1-423e-b876-33c0bb5c6ca9}</UniqueIdentifier>
    </Filter>
    <Filter Include="ソース ファイル\Scene\Demo\Debug\PublicObject">
      <UniqueIdentifier>{cebb61a5-784d-4c49-b6d6-0b2465205c28}</UniqueIdentifier>
    </Filter>
    <Filter Include="ソース ファイル\Game">
      <UniqueIdentifier>{74a078af-78ad-4a68-af17-9023075e51a7}</UniqueIdentifier>
    </Filter>
    <Filter Include="ソース ファイル\Game\PachinkoGame">
      <UniqueIdentifier>{e1529b52-3d0b-47db-b18d-3b8239851067}</UniqueIdentifier>
    </Filter>
    <Filter Include="ソース ファイル\Game\PachinkoGame\Scene">
      <UniqueIdentifier>{00b61437-9f2a-4893-b376-9b335b523fdc}</UniqueIdentifier>
    </Filter>
    <Filter Include="ソース ファイル\Game\PachinkoGame\Object">
      <UniqueIdentifier>{8f68c192-eb5b-431b-9289-4f194822d6b7}</UniqueIdentifier>
    </Filter>
    <Filter Include="ソース ファイル\Game\PachinkoGame\System">
      <UniqueIdentifier>{338efbbb-97b5-4c4e-884f-0b6dae114d10}</UniqueIdentifier>
    </Filter>
    <Filter Include="ソース ファイル\Game\PachinkoGame\Object\Field">
      <UniqueIdentifier>{9a0db1cf-fc0d-499c-b5c5-f4df02bd5ccf}</UniqueIdentifier>
    </Filter>
    <Filter Include="ソース ファイル\Game\PachinkoGame\Object\Ball">
      <UniqueIdentifier>{9456a192-93f9-4eab-afa5-b4e954bb2825}</UniqueIdentifier>
    </Filter>
    <Filter Include="ソース ファイル\Game\PachinkoGame\Object\Nail">
      <UniqueIdentifier>{3bb6a412-3cc1-4a93-aa70-67e2e524dca9}</UniqueIdentifier>
    </Filter>
    <Filter Include="ヘッダー ファイル\Game">
      <UniqueIdentifier>{daa66e5f-429d-4791-bd1f-4e6713e8d27c}</UniqueIdentifier>
    </Filter>
    <Filter Include="ヘッダー ファイル\Game\PachinkoGame">
      <UniqueIdentifier>{93857b37-dc48-428b-91dd-b6ac3ca1eb41}</UniqueIdentifier>
    </Filter>
    <Filter Include="ヘッダー ファイル\Game\PachinkoGame\System">
      <UniqueIdentifier>{e508b043-33d0-4432-81e9-82034ee7552f}</UniqueIdentifier>
    </Filter>
    <Filter Include="ヘッダー ファイル\Game\PachinkoGame\Object">
      <UniqueIdentifier>{7dd12c61-75d3-44ec-9d31-ff608a299bd9}</UniqueIdentifier>
    </Filter>
    <Filter Include="ヘッダー ファイル\Game\PachinkoGame\Scene">
      <UniqueIdentifier>{e24448a7-4b77-4963-b41a-2855da1d2d03}</UniqueIdentifier>
    </Filter>
    <Filter Include="ヘッダー ファイル\Game\PachinkoGame\Object\Field">
      <UniqueIdentifier>{3d07a37a-6189-4f65-ac27-b502bb199b8e}</UniqueIdentifier>
    </Filter>
    <Filter Include="ヘッダー ファイル\Game\PachinkoGame\Object\Ball">
      <UniqueIdentifier>{d67e70fb-85a4-4e0a-85e1-c6641c5b276e}</UniqueIdentifier>
    </Filter>
    <Filter Include="ヘッダー ファイル\Game\PachinkoGame\Object\Nail">
      <UniqueIdentifier>{12b61d85-9227-433b-99cb-4581eab013b0}</UniqueIdentifier>
    </Filter>
    <Filter Include="ヘッダー ファイル\Game\PachinkoGame\System\MainSystem">
      <UniqueIdentifier>{415b6bfd-81f6-42ab-b7c1-72c3e5e3844f}</UniqueIdentifier>
    </Filter>
    <Filter Include="ヘッダー ファイル\Game\PachinkoGame\System\SubSystem">
      <UniqueIdentifier>{14908069-0e2c-48bf-93b6-56eb38d57bb7}</UniqueIdentifier>
    </Filter>
    <Filter Include="ソース ファイル\Game\PachinkoGame\System\MainSystem">
      <UniqueIdentifier>{4e862e0b-7c3c-4641-a1c5-7a9e5de4b127}</UniqueIdentifier>
    </Filter>
    <Filter Include="ソース ファイル\Game\PachinkoGame\System\SubSystem">
      <UniqueIdentifier>{562bd58c-5fbd-4cb9-8d90-73b209933ab5}</UniqueIdentifier>
    </Filter>
  </ItemGroup>
  <ItemGroup>
    <ClCompile Include="Assert.cpp">
      <Filter>ソース ファイル\System\Assert</Filter>
    </ClCompile>
    <ClCompile Include="Time.cpp">
      <Filter>ソース ファイル\System\Time</Filter>
    </ClCompile>
    <ClCompile Include="SceneManager.cpp">
      <Filter>ソース ファイル\System\Scene\Manager</Filter>
    </ClCompile>
    <ClCompile Include="KeyInput.cpp">
      <Filter>ソース ファイル\System\KeyInput</Filter>
    </ClCompile>
    <ClCompile Include="ObjectFactory.cpp">
      <Filter>ソース ファイル\System\Object\Factory</Filter>
    </ClCompile>
    <ClCompile Include="ObjectController.cpp">
      <Filter>ソース ファイル\System\Object\Controller</Filter>
    </ClCompile>
    <ClCompile Include="Transform.cpp">
      <Filter>ソース ファイル\System\Transform</Filter>
    </ClCompile>
    <ClCompile Include="Math\Quaternion.cpp">
      <Filter>ソース ファイル\System\Quaternion</Filter>
    </ClCompile>
    <ClCompile Include="CameraController.cpp">
      <Filter>ソース ファイル\System\Camera\Controller</Filter>
    </ClCompile>
    <ClCompile Include="CameraManager.cpp">
      <Filter>ソース ファイル\System\Camera\Manager</Filter>
    </ClCompile>
    <ClCompile Include="Camera.cpp">
      <Filter>ソース ファイル\System\Camera\Camera</Filter>
    </ClCompile>
    <ClCompile Include="ColliderManager.cpp">
      <Filter>ソース ファイル\System\Collision\Manager</Filter>
    </ClCompile>
    <ClCompile Include="BoxCollider.cpp">
      <Filter>ソース ファイル\System\Collision\Primitive\Box</Filter>
    </ClCompile>
    <ClCompile Include="CapsuleCollider.cpp">
      <Filter>ソース ファイル\System\Collision\Primitive\Capsule</Filter>
    </ClCompile>
    <ClCompile Include="SphereCollider.cpp">
      <Filter>ソース ファイル\System\Collision\Primitive\Sphere</Filter>
    </ClCompile>
    <ClCompile Include="SeManager.cpp">
      <Filter>ソース ファイル\System\Se\Manager</Filter>
    </ClCompile>
    <ClCompile Include="Se.cpp">
      <Filter>ソース ファイル\System\Se\Se</Filter>
    </ClCompile>
    <ClCompile Include="Bgm.cpp">
      <Filter>ソース ファイル\System\Bgm\Bgm</Filter>
    </ClCompile>
    <ClCompile Include="BgmManager.cpp">
      <Filter>ソース ファイル\System\Bgm\Manager</Filter>
    </ClCompile>
    <ClCompile Include="SceneTransition.cpp">
      <Filter>ソース ファイル\System\Scene\Transition</Filter>
    </ClCompile>
    <ClCompile Include="PhysicsBody.cpp">
      <Filter>ソース ファイル\System\Physics\Body</Filter>
    </ClCompile>
    <ClCompile Include="Raycast.cpp">
      <Filter>ソース ファイル\System\Ray</Filter>
    </ClCompile>
    <ClCompile Include="PhysicsManager.cpp">
      <Filter>ソース ファイル\System\Physics\Manager</Filter>
    </ClCompile>
    <ClCompile Include="HalfPlaneCollider.cpp">
      <Filter>ソース ファイル\System\Collision\Primitive\HalfPlane</Filter>
    </ClCompile>
    <ClCompile Include="MeshCollider.cpp">
      <Filter>ソース ファイル\System\Collision\Primitive\Mesh</Filter>
    </ClCompile>
    <ClCompile Include="PerformanceMonitor.cpp">
      <Filter>ソース ファイル\System\Monitor\Performance</Filter>
    </ClCompile>
    <ClCompile Include="ColliderManagerThreadSafe.cpp">
      <Filter>ソース ファイル\System\Collision\Manager\ThreadSafe</Filter>
    </ClCompile>
    <ClCompile Include="ObjectManager.cpp">
      <Filter>ソース ファイル\System\Object\Manager</Filter>
    </ClCompile>
    <ClCompile Include="ObjectPool.cpp">
      <Filter>ソース ファイル\System\Object\ObjectPool</Filter>
    </ClCompile>
    <ClCompile Include="PhysicsSolver.cpp">
      <Filter>ソース ファイル\System\Physics\Solver</Filter>
    </ClCompile>
    <ClCompile Include="PhysicsIslands.cpp">
      <Filter>ソース ファイル\System\Physics\Islands</Filter>
    </ClCompile>
    <ClCompile Include="PhysicsIntegration.cpp">
      <Filter>ソース ファイル\System\Physics\Integration</Filter>
    </ClCompile>
    <ClCompile Include="PhysicsContacts.cpp">
      <Filter>ソース ファイル\System\Physics\Cntacts</Filter>
    </ClCompile>
    <ClCompile Include="PhysicsMonitor.cpp">
      <Filter>ソース ファイル\System\Monitor\Physice</Filter>
    </ClCompile>
    <ClCompile Include="DynamicAABBTree.cpp">
      <Filter>ソース ファイル\System\Collision\DynamicAABBTree</Filter>
    </ClCompile>
    <ClCompile Include="PhysicsCcd.cpp">
      <Filter>ソース ファイル\System\Physics\Ccd</Filter>
    </ClCompile>
    <ClCompile Include="Collider.cpp">
      <Filter>ソース ファイル\System\Collision\Collider</Filter>
    </ClCompile>
    <ClCompile Include="SkyBox.cpp">
      <Filter>ソース ファイル\System\SkyBox\SkyBox</Filter>
    </ClCompile>
    <ClCompile Include="ModelManager.cpp">
      <Filter>ソース ファイル\System\Model\Manager</Filter>
    </ClCompile>
    <ClCompile Include="Mv1Model.cpp">
      <Filter>ソース ファイル\System\Model\Mv1</Filter>
    </ClCompile>
    <ClCompile Include="MiniGame_1_MenuScene.cpp">
      <Filter>ソース ファイル\Scene\Game\MiniGame\MiniGame1\Scene\Menu</Filter>
    </ClCompile>
    <ClCompile Include="Main.cpp">
      <Filter>ソース ファイル\Main</Filter>
    </ClCompile>
    <ClCompile Include="FighterAircraft.cpp">
      <Filter>ソース ファイル\Scene\Game\MiniGame\MiniGame1\Object\Player</Filter>
    </ClCompile>
    <ClCompile Include="MiniGame_1_StageScene.cpp">
      <Filter>ソース ファイル\Scene\Game\MiniGame\MiniGame1\Scene\Stage</Filter>
    </ClCompile>
    <ClCompile Include="GunSystem.cpp">
      <Filter>ソース ファイル\Scene\Game\MiniGame\MiniGame1\Object\Player\GunSystem</Filter>
    </ClCompile>
    <ClCompile Include="Bullet.cpp">
      <Filter>ソース ファイル\Scene\Game\MiniGame\MiniGame1\Object\Player\Bullet</Filter>
    </ClCompile>
    <ClCompile Include="CameraModelObject.cpp">
      <Filter>ソース ファイル\Scene\Demo\Debug\Camera\Object</Filter>
    </ClCompile>
    <ClCompile Include="TransformScene.cpp">
      <Filter>ソース ファイル\Scene\Demo\Debug\Transform.\Scene</Filter>
    </ClCompile>
    <ClCompile Include="SkyBoxScene.cpp">
      <Filter>ソース ファイル\Scene\Demo\Debug\SkyBox\Scene</Filter>
    </ClCompile>
    <ClCompile Include="ObjectPoolScene.cpp">
      <Filter>ソース ファイル\Scene\Demo\Debug\ObjectPool\Scene</Filter>
    </ClCompile>
    <ClCompile Include="CcdScene.cpp">
      <Filter>ソース ファイル\Scene\Demo\Debug\Ccd\Scene</Filter>
    </ClCompile>
    <ClCompile Include="CollisionScene.cpp">
      <Filter>ソース ファイル\Scene\Demo\Debug\Collision\Scene</Filter>
    </ClCompile>
    <ClCompile Include="CameraScene.cpp">
      <Filter>ソース ファイル\Scene\Demo\Debug\Camera\Scene</Filter>
    </ClCompile>
    <ClCompile Include="PhysicsDebugClass.cpp">
      <Filter>ソース ファイル\Scene\Demo\Debug\Physics\Object</Filter>
    </ClCompile>
    <ClCompile Include="PhysicsScene.cpp">
      <Filter>ソース ファイル\Scene\Demo\Debug\Physics\Scene</Filter>
    </ClCompile>
    <ClCompile Include="TitleScene.cpp">
      <Filter>ソース ファイル\Main\TitleScene</Filter>
    </ClCompile>
    <ClCompile Include="Debug Class.cpp">
      <Filter>ソース ファイル\Scene\Demo\Debug\PublicObject</Filter>
    </ClCompile>
    <ClCompile Include="EnemyAircraft.cpp">
      <Filter>ソース ファイル\Scene\Game\MiniGame\MiniGame1\Object\Enemy</Filter>
    </ClCompile>
    <ClCompile Include="HudDisplay.cpp">
      <Filter>ソース ファイル\Scene\Game\MiniGame\MiniGame1\UI\Hub</Filter>
    </ClCompile>
    <ClCompile Include="DemoMenuScene.cpp">
      <Filter>ソース ファイル\Scene\Demo</Filter>
    </ClCompile>
    <ClCompile Include="GameMenuScene.cpp">
      <Filter>ソース ファイル\Scene\Game</Filter>
    </ClCompile>
    <ClCompile Include="PachinkoField.cpp">
      <Filter>ソース ファイル\Game\PachinkoGame\Object\Field</Filter>
    </ClCompile>
    <ClCompile Include="PachinkoFieldTpl.cpp">
      <Filter>ソース ファイル\Game\PachinkoGame\Object\Field</Filter>
    </ClCompile>
  </ItemGroup>
  <ItemGroup>
    <ClInclude Include="Info.h">
      <Filter>ヘッダー ファイル\Info</Filter>
    </ClInclude>
    <ClInclude Include="Time.h">
      <Filter>ヘッダー ファイル\System\Time</Filter>
    </ClInclude>
    <ClInclude Include="SceneManager.h">
      <Filter>ヘッダー ファイル\System\Scene\Manager</Filter>
    </ClInclude>
    <ClInclude Include="SceneTpl.h">
      <Filter>ヘッダー ファイル\System\Scene</Filter>
    </ClInclude>
    <ClInclude Include="KeyInput.h">
      <Filter>ヘッダー ファイル\System\KeyInput</Filter>
    </ClInclude>
    <ClInclude Include="ObjectFactory.h">
      <Filter>ヘッダー ファイル\System\Object\Factory</Filter>
    </ClInclude>
    <ClInclude Include="GameObject.h">
      <Filter>ヘッダー ファイル\System\Object\GameObject</Filter>
    </ClInclude>
    <ClInclude Include="ObjectController.h">
      <Filter>ヘッダー ファイル\System\Object\Controller</Filter>
    </ClInclude>
    <ClInclude Include="Transform.h">
      <Filter>ヘッダー ファイル\System\Transform</Filter>
    </ClInclude>
    <ClInclude Include="Math\Quaternion.h">
      <Filter>ヘッダー ファイル\System\Quaternion</Filter>
    </ClInclude>
    <ClInclude Include="Camera.h">
      <Filter>ヘッダー ファイル\System\Camera\Camera</Filter>
    </ClInclude>
    <ClInclude Include="CameraController.h">
      <Filter>ヘッダー ファイル\System\Camera\Controller</Filter>
    </ClInclude>
    <ClInclude Include="CameraManager.h">
      <Filter>ヘッダー ファイル\System\Camera\Manager</Filter>
    </ClInclude>
    <ClInclude Include="CameraTags.h">
      <Filter>ヘッダー ファイル\System\Camera\Tag</Filter>
    </ClInclude>
    <ClInclude Include="Collider.h">
      <Filter>ヘッダー ファイル\System\Collision\Collider</Filter>
    </ClInclude>
    <ClInclude Include="ColliderManager.h">
      <Filter>ヘッダー ファイル\System\Collision\Manager</Filter>
    </ClInclude>
    <ClInclude Include="ColliderType.h">
      <Filter>ヘッダー ファイル\System\Collision\Type</Filter>
    </ClInclude>
    <ClInclude Include="BoxCollider.h">
      <Filter>ヘッダー ファイル\System\Collision\Primitive\Box</Filter>
    </ClInclude>
    <ClInclude Include="CapsuleCollider.h">
      <Filter>ヘッダー ファイル\System\Collision\Primitive\Capsule</Filter>
    </ClInclude>
    <ClInclude Include="SphereCollider.h">
      <Filter>ヘッダー ファイル\System\Collision\Primitive\Sphere</Filter>
    </ClInclude>
    <ClInclude Include="LayerMask.h">
      <Filter>ヘッダー ファイル\System\Collision\LayerMask</Filter>
    </ClInclude>
    <ClInclude Include="CameraPool.h">
      <Filter>ヘッダー ファイル\System\Camera\CameraPool</Filter>
    </ClInclude>
    <ClInclude Include="Pool.h">
      <Filter>ヘッダー ファイル\System\Template\PoolTpl</Filter>
    </ClInclude>
    <ClInclude Include="Manager.h">
      <Filter>ヘッダー ファイル\System\Template\ManagerTpl</Filter>
    </ClInclude>
    <ClInclude Include="SePool.h">
      <Filter>ヘッダー ファイル\System\Se\Pool</Filter>
    </ClInclude>
    <ClInclude Include="SeManager.h">
      <Filter>ヘッダー ファイル\System\Se\Manager</Filter>
    </ClInclude>
    <ClInclude Include="Se.h">
      <Filter>ヘッダー ファイル\System\Se\Se</Filter>
    </ClInclude>
    <ClInclude Include="Bgm.h">
      <Filter>ヘッダー ファイル\System\Bgm\Bgm</Filter>
    </ClInclude>
    <ClInclude Include="BgmManager.h">
      <Filter>ヘッダー ファイル\System\Bgm\Manager</Filter>
    </ClInclude>
    <ClInclude Include="BgmPool.h">
      <Filter>ヘッダー ファイル\System\Bgm\Pool</Filter>
    </ClInclude>
    <ClInclude Include="SceneTransition.h">
      <Filter>ヘッダー ファイル\System\Scene\Transition</Filter>
    </ClInclude>
    <ClInclude Include="PhysicsManager.h">
      <Filter>ヘッダー ファイル\System\Physics\Manager</Filter>
    </ClInclude>
    <ClInclude Include="PhysicsBody.h">
      <Filter>ヘッダー ファイル\System\Physics\Physics</Filter>
    </ClInclude>
    <ClInclude Include="Raycast.h">
      <Filter>ヘッダー ファイル\System\Ray\Cast</Filter>
    </ClInclude>
    <ClInclude Include="Ray.h">
      <Filter>ヘッダー ファイル\System\Ray</Filter>
    </ClInclude>
    <ClInclude Include="PhysicsMaterial.h">
      <Filter>ヘッダー ファイル\System\Physics\Material</Filter>
    </ClInclude>
    <ClInclude Include="HalfPlaneCollider.h">
      <Filter>ヘッダー ファイル\System\Collision\Primitive\HalfPlane</Filter>
    </ClInclude>
    <ClInclude Include="MeshCollider.h">
      <Filter>ヘッダー ファイル\System\Collision\Primitive\Mesh</Filter>
    </ClInclude>
    <ClInclude Include="CompoundCollider.h">
      <Filter>ヘッダー ファイル\System\Collision\Primitive\Compound</Filter>
    </ClInclude>
    <ClInclude Include="PerformanceMonitor.h">
      <Filter>ヘッダー ファイル\System\Monitor\Performance</Filter>
    </ClInclude>
    <ClInclude Include="ThreadPool.h">
      <Filter>ヘッダー ファイル\System\Thread\Pool</Filter>
    </ClInclude>
    <ClInclude Include="ObjectManager.h">
      <Filter>ヘッダー ファイル\System\Object\Manager</Filter>
    </ClInclude>
    <ClInclude Include="ObjectPool.h">
      <Filter>ヘッダー ファイル\System\Object\ObjectPool</Filter>
    </ClInclude>
    <ClInclude Include="PhysicsManager_Internal.h">
      <Filter>ヘッダー ファイル\System\Physics\Manager\Internal</Filter>
    </ClInclude>
    <ClInclude Include="PhysicsMonitor.h">
      <Filter>ヘッダー ファイル\System\Monitor\Physice</Filter>
    </ClInclude>
    <ClInclude Include="DynamicAABBTree.h">
      <Filter>ヘッダー ファイル\System\Collision\DynamicAABBTree</Filter>
    </ClInclude>
    <ClInclude Include="3DGameProject\Assert.h">
      <Filter>ヘッダー ファイル\System\Assert</Filter>
    </ClInclude>
    <ClInclude Include="BitOperation.h">
      <Filter>ヘッダー ファイル\System\Bit\Operation</Filter>
    </ClInclude>
    <ClInclude Include="IModel.h">
      <Filter>ヘッダー ファイル\System\Model\IModel</Filter>
    </ClInclude>
    <ClInclude Include="ModelManager.h">
      <Filter>ヘッダー ファイル\System\Model\Manager</Filter>
    </ClInclude>
    <ClInclude Include="ModelPool.h">
      <Filter>ヘッダー ファイル\System\Model\Pool</Filter>
    </ClInclude>
    <ClInclude Include="Mv1Model.h">
      <Filter>ヘッダー ファイル\System\Model\Mv1</Filter>
    </ClInclude>
    <ClInclude Include="PhysicsCcd.h">
      <Filter>ヘッダー ファイル\System\Physics\Ccd</Filter>
    </ClInclude>
    <ClInclude Include="SkyBox.h">
      <Filter>ヘッダー ファイル\System\SkyBox\SkyBox</Filter>
    </ClInclude>
    <ClInclude Include="MiniGame_1_MenuScene.h">
      <Filter>ヘッダー ファイル\Scene\Game\MiniGame\MiniGame1\Scene\Menu</Filter>
    </ClInclude>
    <ClInclude Include="FighterAircraft.h">
      <Filter>ヘッダー ファイル\Scene\Game\MiniGame\MiniGame1\Object\Player</Filter>
    </ClInclude>
    <ClInclude Include="MiniGame_1_StageScene.h">
      <Filter>ヘッダー ファイル\Scene\Game\MiniGame\MiniGame1\Scene\Stage</Filter>
    </ClInclude>
    <ClInclude Include="GunSystem.h">
      <Filter>ヘッダー ファイル\Scene\Game\MiniGame\MiniGame1\Object\Player\GunSystem</Filter>
    </ClInclude>
    <ClInclude Include="Bullet.h">
      <Filter>ヘッダー ファイル\Scene\Game\MiniGame\MiniGame1\Object\Player\Bullet</Filter>
    </ClInclude>
    <ClInclude Include="TransformDebugClass.h">
      <Filter>ヘッダー ファイル\Scene\Demo\Debug\Transform\Object</Filter>
    </ClInclude>
    <ClInclude Include="PhysicsDebugClass.h">
      <Filter>ヘッダー ファイル\Scene\Demo\Debug\Physics\Object</Filter>
    </ClInclude>
    <ClInclude Include="ObjectPoolDebugClass.h">
      <Filter>ヘッダー ファイル\Scene\Demo\Debug\ObjectPool\Object</Filter>
    </ClInclude>
    <ClInclude Include="CollisionDebugClass.h">
      <Filter>ヘッダー ファイル\Scene\Demo\Debug\Collision\Object</Filter>
    </ClInclude>
    <ClInclude Include="CameraModelObject.h">
      <Filter>ヘッダー ファイル\Scene\Demo\Debug\Camera\Object</Filter>
    </ClInclude>
    <ClInclude Include="Debug Class.h">
      <Filter>ヘッダー ファイル\Scene\Demo\Debug\PublicObject</Filter>
    </ClInclude>
    <ClInclude Include="SkyBoxScene.h">
      <Filter>ヘッダー ファイル\Scene\Demo\Debug\SkyBox\Scene</Filter>
    </ClInclude>
    <ClInclude Include="CameraScene.h">
      <Filter>ヘッダー ファイル\Scene\Demo\Debug\Camera\Scene</Filter>
    </ClInclude>
    <ClInclude Include="CcdScene.h">
      <Filter>ヘッダー ファイル\Scene\Demo\Debug\Ccd\Scene</Filter>
    </ClInclude>
    <ClInclude Include="CollisionScene.h">
      <Filter>ヘッダー ファイル\Scene\Demo\Debug\Collision\Scene</Filter>
    </ClInclude>
    <ClInclude Include="ObjectPoolScene.h">
      <Filter>ヘッダー ファイル\Scene\Demo\Debug\ObjectPool\Scene</Filter>
    </ClInclude>
    <ClInclude Include="PhysicsScene.h">
      <Filter>ヘッダー ファイル\Scene\Demo\Debug\Physics\Scene</Filter>
    </ClInclude>
    <ClInclude Include="TransformScene.h">
      <Filter>ヘッダー ファイル\Scene\Demo\Debug\Transform\Scene</Filter>
    </ClInclude>
    <ClInclude Include="TitleScene.h">
      <Filter>ヘッダー ファイル\Main\Title</Filter>
    </ClInclude>
    <ClInclude Include="HudDisplay.h">
      <Filter>ヘッダー ファイル\Scene\Game\MiniGame\MiniGame1\UI\Hub</Filter>
    </ClInclude>
    <ClInclude Include="EnemyDifficulty.h">
      <Filter>ヘッダー ファイル\Scene\Game\MiniGame\MiniGame1\Object\Enemy\Difficulty</Filter>
    </ClInclude>
    <ClInclude Include="EnemyAircraft.h">
      <Filter>ヘッダー ファイル\Scene\Game\MiniGame\MiniGame1\Object\Enemy</Filter>
    </ClInclude>
    <ClInclude Include="IDamageable.h">
      <Filter>ヘッダー ファイル\Scene\Game\MiniGame\MiniGame1\Object\Interface</Filter>
    </ClInclude>
    <ClInclude Include="DemoMenuScene.h">
      <Filter>ヘッダー ファイル\Scene\Demo</Filter>
    </ClInclude>
    <ClInclude Include="GameMenuScene.h">
      <Filter>ヘッダー ファイル\Scene\Game</Filter>
    </ClInclude>
    <ClInclude Include="PachinkoField.h">
      <Filter>ヘッダー ファイル\Game\PachinkoGame\Object\Field</Filter>
    </ClInclude>
    <ClInclude Include="PachinkoFieldTpl.h">
      <Filter>ヘッダー ファイル\Game\PachinkoGame\Object\Field</Filter>
    </ClInclude>
  </ItemGroup>
  <ItemGroup>
    <Text Include="Camera_Manual_Reference.txt">
      <Filter>メモ\リファレンス・マニュアル\Camera</Filter>
    </Text>
    <Text Include="Object_Manual_Reference.txt">
      <Filter>メモ\リファレンス・マニュアル\Object</Filter>
    </Text>
  </ItemGroup>
</Project>