<?xml version="1.0" encoding="utf-8"?>
<Project ToolsVersion="4.0" xmlns="http://schemas.microsoft.com/developer/msbuild/2003">
  <ItemGroup>
    <Filter Include="ソース ファイル">
      <UniqueIdentifier>{4FC737F1-C7A5-4376-A066-2A32D752A2FF}</UniqueIdentifier>
      <Extensions>cpp;c;cc;cxx;c++;cppm;ixx;def;odl;idl;hpj;bat;asm;asmx</Extensions>
    </Filter>
    <Filter Include="ヘッダー ファイル">
      <UniqueIdentifier>{93995380-89BD-4b04-88EB-625FBE52EBFB}</UniqueIdentifier>
      <Extensions>h;hh;hpp;hxx;h++;hm;inl;inc;ipp;xsd</Extensions>
    </Filter>
    <Filter Include="リソース ファイル">
      <UniqueIdentifier>{67DA6AB6-F800-4c08-8B7A-83BB121AAD01}</UniqueIdentifier>
      <Extensions>rc;ico;cur;bmp;dlg;rc2;rct;bin;rgs;gif;jpg;jpeg;jpe;resx;tiff;tif;png;wav;mfcribbon-ms</Extensions>
    </Filter>
    <Filter Include="ヘッダー ファイル\System">
      <UniqueIdentifier>{e2e036a5-7653-44c2-8abd-cf0fec4c11ef}</UniqueIdentifier>
    </Filter>
    <Filter Include="ソース ファイル\System">
      <UniqueIdentifier>{f6879f6e-5dc8-41ba-a93b-bb547435ee31}</UniqueIdentifier>
    </Filter>
    <Filter Include="ソース ファイル\System\Assert">
      <UniqueIdentifier>{3dc798e2-dca2-4c29-bcf1-2e736ed4a0f4}</UniqueIdentifier>
    </Filter>
    <Filter Include="ヘッダー ファイル\System\Assert">
      <UniqueIdentifier>{66a0ceb0-6292-4d04-af4a-00c37e894654}</UniqueIdentifier>
    </Filter>
    <Filter Include="ヘッダー ファイル\Info">
      <UniqueIdentifier>{496f2053-9ac2-455c-b067-fad214550928}</UniqueIdentifier>
    </Filter>
    <Filter Include="ソース ファイル\Scene">
      <UniqueIdentifier>{7defd913-7c24-488c-b9b8-6956e42e8196}</UniqueIdentifier>
    </Filter>
    <Filter Include="ヘッダー ファイル\Scene">
      <UniqueIdentifier>{ce37ff07-9a41-4655-89ae-af009e9f6b17}</UniqueIdentifier>
    </Filter>
    <Filter Include="ソース ファイル\Scene\Scenes">
      <UniqueIdentifier>{dc1fde72-ed65-4214-a838-0e0977591829}</UniqueIdentifier>
    </Filter>
    <Filter Include="ヘッダー ファイル\Scene\Scenes">
      <UniqueIdentifier>{955c40eb-12ad-4735-82bd-b467c5ac1f61}</UniqueIdentifier>
    </Filter>
    <Filter Include="メモ">
      <UniqueIdentifier>{9c4da798-14bd-41de-90de-21d25b15aeb7}</UniqueIdentifier>
    </Filter>
    <Filter Include="ソース ファイル\System\Time">
      <UniqueIdentifier>{c19cf0bb-6eef-4f01-949a-a888d37d598f}</UniqueIdentifier>
    </Filter>
    <Filter Include="ヘッダー ファイル\System\Time">
      <UniqueIdentifier>{a667f429-7e7f-40cf-ab4c-febdfe6d0605}</UniqueIdentifier>
    </Filter>
    <Filter Include="ソース ファイル\Scene\Manager">
      <UniqueIdentifier>{ccbd7c0b-4d6f-4e60-965c-f09378c4fed1}</UniqueIdentifier>
    </Filter>
    <Filter Include="ヘッダー ファイル\Scene\Manager">
      <UniqueIdentifier>{517faf94-7664-4a02-a9f4-85a1f573e85d}</UniqueIdentifier>
    </Filter>
    <Filter Include="ソース ファイル\System\KeyInput">
      <UniqueIdentifier>{226a9d75-953b-44b0-a0da-4b60b9f3f08e}</UniqueIdentifier>
    </Filter>
    <Filter Include="ヘッダー ファイル\System\KeyInput">
      <UniqueIdentifier>{87c6688e-9643-42ff-9595-aba79726126b}</UniqueIdentifier>
    </Filter>
    <Filter Include="ソース ファイル\System\Object">
      <UniqueIdentifier>{61fc0bb7-22ca-4374-8874-26654c0ad834}</UniqueIdentifier>
    </Filter>
    <Filter Include="ソース ファイル\System\Object\Factory">
      <UniqueIdentifier>{2c17b69f-4ab3-40f7-8655-c24c8e02a685}</UniqueIdentifier>
    </Filter>
    <Filter Include="ソース ファイル\System\Object\GameObject">
      <UniqueIdentifier>{c62afa75-e41f-4e43-878c-756fc66458b7}</UniqueIdentifier>
    </Filter>
    <Filter Include="ヘッダー ファイル\System\Object">
      <UniqueIdentifier>{04098c31-96fa-42a9-bf44-44e9a6494b17}</UniqueIdentifier>
    </Filter>
    <Filter Include="ヘッダー ファイル\System\Object\Factory">
      <UniqueIdentifier>{ef5cb571-2945-4a2b-8844-190280dba311}</UniqueIdentifier>
    </Filter>
    <Filter Include="ヘッダー ファイル\System\Object\GameObject">
      <UniqueIdentifier>{dfbceb67-d47a-4003-811e-54d890b73aae}</UniqueIdentifier>
    </Filter>
    <Filter Include="ヘッダー ファイル\System\Object\Manager">
      <UniqueIdentifier>{445c8664-4574-4771-b68c-c99121d9a38e}</UniqueIdentifier>
    </Filter>
    <Filter Include="ソース ファイル\System\Object\Manager">
      <UniqueIdentifier>{1d71df1f-0751-4089-8007-1457c2d95e8a}</UniqueIdentifier>
    </Filter>
    <Filter Include="ヘッダー ファイル\System\Object\ObjectPool">
      <UniqueIdentifier>{a7542f12-4760-48ab-8659-2f386112fd72}</UniqueIdentifier>
    </Filter>
    <Filter Include="ソース ファイル\System\Object\ObjectPool">
      <UniqueIdentifier>{13073c25-ee11-4f47-8ba8-01e2d9b409fe}</UniqueIdentifier>
    </Filter>
    <Filter Include="ヘッダー ファイル\System\Object\Controller">
      <UniqueIdentifier>{3416d27f-9361-4528-ab54-b3c1dfc58b2c}</UniqueIdentifier>
    </Filter>
    <Filter Include="ソース ファイル\System\Object\Controller">
      <UniqueIdentifier>{c7f55215-b9a4-4a4b-87f0-31eea6d754af}</UniqueIdentifier>
    </Filter>
    <Filter Include="ヘッダー ファイル\System\Transform">
      <UniqueIdentifier>{dfe6f4d5-6929-4f85-8b52-bbd2779c0f90}</UniqueIdentifier>
    </Filter>
    <Filter Include="ソース ファイル\System\Transform">
      <UniqueIdentifier>{9ba1468b-5176-43f9-b0cb-85fa4a7bbf2c}</UniqueIdentifier>
    </Filter>
    <Filter Include="ヘッダー ファイル\System\Camera">
      <UniqueIdentifier>{7c903bf4-9f83-49f1-abd8-c71481b276da}</UniqueIdentifier>
    </Filter>
    <Filter Include="ソース ファイル\System\Camera">
      <UniqueIdentifier>{2c043859-5e20-4081-a964-840b96b1ce3e}</UniqueIdentifier>
    </Filter>
    <Filter Include="ヘッダー ファイル\System\Quaternion">
      <UniqueIdentifier>{31871bf8-68d6-429f-ab7b-bc44b170f5aa}</UniqueIdentifier>
    </Filter>
    <Filter Include="ソース ファイル\System\Quaternion">
      <UniqueIdentifier>{5bb0551c-63aa-4f69-b721-149aca503831}</UniqueIdentifier>
    </Filter>
    <Filter Include="ソース ファイル\System\Camera\Controller">
      <UniqueIdentifier>{12cdb610-3281-4e85-b7c4-716441fdddc3}</UniqueIdentifier>
    </Filter>
    <Filter Include="ソース ファイル\System\Camera\Manager">
      <UniqueIdentifier>{661b3e8f-903a-4507-87f0-25c067a3eb39}</UniqueIdentifier>
    </Filter>
    <Filter Include="ソース ファイル\System\Camera\Camera">
      <UniqueIdentifier>{b0243f3e-820f-44af-a277-eced620cd2e9}</UniqueIdentifier>
    </Filter>
    <Filter Include="ヘッダー ファイル\System\Camera\Camera">
      <UniqueIdentifier>{4d2cca7d-7117-4bc1-b4cf-833dbbf71f6f}</UniqueIdentifier>
    </Filter>
    <Filter Include="ヘッダー ファイル\System\Camera\Controller">
      <UniqueIdentifier>{1111014f-bd32-477d-ade4-fafa990355aa}</UniqueIdentifier>
    </Filter>
    <Filter Include="ヘッダー ファイル\System\Camera\Manager">
      <UniqueIdentifier>{40d1b744-c14f-43d5-8fd8-da1f0b9102ee}</UniqueIdentifier>
    </Filter>
    <Filter Include="ヘッダー ファイル\System\Camera\Tag">
      <UniqueIdentifier>{76fb8ea2-6007-4f25-9e64-2f5dfba0b342}</UniqueIdentifier>
    </Filter>
    <Filter Include="メモ\リファレンス・マニュアル">
      <UniqueIdentifier>{87a22cff-be1b-432d-883d-1b6f67a51eaa}</UniqueIdentifier>
    </Filter>
    <Filter Include="メモ\リファレンス・マニュアル\Camera">
      <UniqueIdentifier>{ee82c64d-18b9-4e73-b42b-147f4d76b84f}</UniqueIdentifier>
    </Filter>
    <Filter Include="メモ\リファレンス・マニュアル\Object">
      <UniqueIdentifier>{066ada23-47e9-473e-be26-538c61f6cc39}</UniqueIdentifier>
    </Filter>
    <Filter Include="ヘッダー ファイル\System\Collision">
      <UniqueIdentifier>{60d523c9-aefc-467a-b69d-6adea39ddeb3}</UniqueIdentifier>
    </Filter>
    <Filter Include="ソース ファイル\System\Collision">
      <UniqueIdentifier>{07724d06-2961-425b-9f26-2bb6aac86e55}</UniqueIdentifier>
    </Filter>
    <Filter Include="ヘッダー ファイル\System\Collision\Collider">
      <UniqueIdentifier>{49ceb8a8-dc8f-4a52-a238-3e8626c054d9}</UniqueIdentifier>
    </Filter>
    <Filter Include="ヘッダー ファイル\System\Collision\Manager">
      <UniqueIdentifier>{536523ad-a61a-4f1d-9899-1e6021cf346a}</UniqueIdentifier>
    </Filter>
    <Filter Include="ソース ファイル\System\Collision\Manager">
      <UniqueIdentifier>{e2ab13b0-4002-4b9d-91ef-6467754a61fd}</UniqueIdentifier>
    </Filter>
    <Filter Include="ソース ファイル\System\Collision\Primitive">
      <UniqueIdentifier>{b3c04b48-e64e-4e65-b078-b7b3584ce05e}</UniqueIdentifier>
    </Filter>
    <Filter Include="ヘッダー ファイル\System\Collision\Primitive">
      <UniqueIdentifier>{3eefa4c5-8d86-42f4-9941-a76d08db037d}</UniqueIdentifier>
    </Filter>
    <Filter Include="ヘッダー ファイル\System\Collision\Type">
      <UniqueIdentifier>{af383554-9ce3-4ce0-80e9-d7a3df1a98f9}</UniqueIdentifier>
    </Filter>
    <Filter Include="ヘッダー ファイル\System\Collision\Primitive\Capsule">
      <UniqueIdentifier>{945484a2-55ba-46c9-ab31-2ac7cf78edb8}</UniqueIdentifier>
    </Filter>
    <Filter Include="ヘッダー ファイル\System\Collision\Primitive\Box">
      <UniqueIdentifier>{49d635d7-0d00-4d49-94be-0fb0471d8238}</UniqueIdentifier>
    </Filter>
    <Filter Include="ヘッダー ファイル\System\Collision\Primitive\Sphere">
      <UniqueIdentifier>{f36bc550-c13f-404c-9c98-948e72febbd0}</UniqueIdentifier>
    </Filter>
    <Filter Include="ソース ファイル\System\Collision\Primitive\Sphere">
      <UniqueIdentifier>{5cd5656c-96f4-47be-9c35-779cbeea21b7}</UniqueIdentifier>
    </Filter>
    <Filter Include="ソース ファイル\System\Collision\Primitive\Box">
      <UniqueIdentifier>{9e9be629-f1e0-4ee5-9b64-cad1a281da7e}</UniqueIdentifier>
    </Filter>
    <Filter Include="ソース ファイル\System\Collision\Primitive\Capsule">
      <UniqueIdentifier>{d5c0e587-ceff-47fa-8cb8-a32c3547af83}</UniqueIdentifier>
    </Filter>
    <Filter Include="ヘッダー ファイル\System\Collision\LayerMask">
      <UniqueIdentifier>{27abaee4-1480-4c68-82f9-84490a01a395}</UniqueIdentifier>
    </Filter>
    <Filter Include="メモ\リファレンス・マニュアル\Collider">
      <UniqueIdentifier>{be4725aa-40d3-494e-add0-6c66d1b95206}</UniqueIdentifier>
    </Filter>
    <Filter Include="ヘッダー ファイル\System\Template">
      <UniqueIdentifier>{ab715ec8-fb88-4389-a1c2-bc02c0584aa4}</UniqueIdentifier>
    </Filter>
    <Filter Include="ヘッダー ファイル\System\Template\ManagerTpl">
      <UniqueIdentifier>{e24bc90b-3186-4a5a-bde6-49670e893727}</UniqueIdentifier>
    </Filter>
    <Filter Include="ソース ファイル\Debug">
      <UniqueIdentifier>{9c8679e1-4659-4062-addd-b501f77e220a}</UniqueIdentifier>
    </Filter>
    <Filter Include="ヘッダー ファイル\Debug">
      <UniqueIdentifier>{7e78d1c6-15fc-4bf0-9ff6-dadeff31049c}</UniqueIdentifier>
    </Filter>
    <Filter Include="ヘッダー ファイル\System\Template\PoolTpl">
      <UniqueIdentifier>{d01f3a63-9af3-4390-9b42-ffe3a46a1194}</UniqueIdentifier>
    </Filter>
    <Filter Include="ヘッダー ファイル\System\Camera\CameraPool">
      <UniqueIdentifier>{c24724de-12ca-4dd4-9d3c-b3e5e23e29a6}</UniqueIdentifier>
    </Filter>
    <Filter Include="ヘッダー ファイル\System\Bgm">
      <UniqueIdentifier>{fb960d30-34a2-4734-83d6-25e4232c3029}</UniqueIdentifier>
    </Filter>
    <Filter Include="ヘッダー ファイル\System\Se">
      <UniqueIdentifier>{b131ad30-ccab-418c-aadd-c4143f829383}</UniqueIdentifier>
    </Filter>
    <Filter Include="ヘッダー ファイル\System\Bgm\Manager">
      <UniqueIdentifier>{a0df9a24-3882-43b5-ad8a-94c825d4ea2f}</UniqueIdentifier>
    </Filter>
    <Filter Include="ヘッダー ファイル\System\Se\Manager">
      <UniqueIdentifier>{9ea4a29e-0db1-4054-8ad3-6e05e2e11526}</UniqueIdentifier>
    </Filter>
    <Filter Include="ヘッダー ファイル\System\Bgm\Pool">
      <UniqueIdentifier>{e36784a9-bc7c-4e55-889e-3102c708cfa9}</UniqueIdentifier>
    </Filter>
    <Filter Include="ヘッダー ファイル\System\Se\Pool">
      <UniqueIdentifier>{2a0a1cbb-96dc-433c-b859-156e79fa5934}</UniqueIdentifier>
    </Filter>
    <Filter Include="ヘッダー ファイル\System\Se\Se">
      <UniqueIdentifier>{a6443e68-9348-4ecd-a9a7-4f7e9485c0a0}</UniqueIdentifier>
    </Filter>
    <Filter Include="ヘッダー ファイル\System\Bgm\Bgm">
      <UniqueIdentifier>{1382b8b2-2c65-4912-ba89-a8505d35b921}</UniqueIdentifier>
    </Filter>
    <Filter Include="ソース ファイル\System\Se">
      <UniqueIdentifier>{778b58a0-6755-4110-9193-154811e3dcf2}</UniqueIdentifier>
    </Filter>
    <Filter Include="ソース ファイル\System\Se\Se">
      <UniqueIdentifier>{c7a83ec6-a9a4-4d85-992c-3d4ce060f62c}</UniqueIdentifier>
    </Filter>
    <Filter Include="ソース ファイル\System\Se\Manager">
      <UniqueIdentifier>{7a8e9729-c5bc-461f-b832-652a53d845bd}</UniqueIdentifier>
    </Filter>
    <Filter Include="ソース ファイル\System\Bgm">
      <UniqueIdentifier>{eef0a3b3-783f-4f55-b7ae-82d615b94bf8}</UniqueIdentifier>
    </Filter>
    <Filter Include="ソース ファイル\System\Bgm\Bgm">
      <UniqueIdentifier>{a61d733a-ef8f-40fe-b35d-7441653957d3}</UniqueIdentifier>
    </Filter>
    <Filter Include="ソース ファイル\System\Bgm\Manager">
      <UniqueIdentifier>{5500c550-125a-474b-b6c5-67aa68467093}</UniqueIdentifier>
    </Filter>
    <Filter Include="ヘッダー ファイル\Scene\Transition">
      <UniqueIdentifier>{1321e9dc-b635-402a-8da3-b54aea79c080}</UniqueIdentifier>
    </Filter>
    <Filter Include="ソース ファイル\Scene\Transition">
      <UniqueIdentifier>{5b832177-3ea6-4181-bd18-ce7eefa94ce3}</UniqueIdentifier>
    </Filter>
    <Filter Include="ソース ファイル\System\Physics">
      <UniqueIdentifier>{96effe93-c4a1-4e75-a768-98a9a9e3de35}</UniqueIdentifier>
    </Filter>
    <Filter Include="ソース ファイル\System\Physics\Manager">
      <UniqueIdentifier>{10f48bca-570b-47e0-8f2e-abe200bacedd}</UniqueIdentifier>
    </Filter>
    <Filter Include="ソース ファイル\System\Physics\Physics">
      <UniqueIdentifier>{12dae0e3-04fb-4122-ab04-df21bd3f6473}</UniqueIdentifier>
    </Filter>
    <Filter Include="ヘッダー ファイル\System\Physics">
      <UniqueIdentifier>{d214e332-2bf8-408b-8ad5-c9a7a6025a9e}</UniqueIdentifier>
    </Filter>
    <Filter Include="ヘッダー ファイル\System\Physics\Physics">
      <UniqueIdentifier>{20495d4d-ca89-4afe-abeb-d845bdb8deeb}</UniqueIdentifier>
    </Filter>
    <Filter Include="ヘッダー ファイル\System\Physics\Manager">
      <UniqueIdentifier>{d5726ec0-9358-49c5-ab35-47c608226a3a}</UniqueIdentifier>
    </Filter>
    <Filter Include="ヘッダー ファイル\System\Physics\Controller">
      <UniqueIdentifier>{872021c7-169d-4368-9b87-87fc43a60b4f}</UniqueIdentifier>
    </Filter>
    <Filter Include="ヘッダー ファイル\Debug\Camera">
      <UniqueIdentifier>{650d5627-6884-41ae-9af5-993c35f94c1f}</UniqueIdentifier>
    </Filter>
    <Filter Include="ヘッダー ファイル\Debug\Collision">
      <UniqueIdentifier>{90c5d789-0a9b-4a4a-a511-314b8898ccfb}</UniqueIdentifier>
    </Filter>
    <Filter Include="ヘッダー ファイル\Debug\ObjectPool">
      <UniqueIdentifier>{98debd39-5170-459e-bf93-f294c0eb17da}</UniqueIdentifier>
    </Filter>
    <Filter Include="ヘッダー ファイル\Scene\Scenes\Debug">
      <UniqueIdentifier>{740aef12-3e0b-46f7-92e3-b7c8de3c545d}</UniqueIdentifier>
    </Filter>
    <Filter Include="ヘッダー ファイル\Scene\Scenes\Debug\Camera">
      <UniqueIdentifier>{690257a2-6487-47dd-88b0-4750500767c6}</UniqueIdentifier>
    </Filter>
    <Filter Include="ヘッダー ファイル\Scene\Scenes\Debug\Collision">
      <UniqueIdentifier>{236c95a4-a833-4ca0-bc7d-f1fcf7d25190}</UniqueIdentifier>
    </Filter>
    <Filter Include="ヘッダー ファイル\Scene\Scenes\Debug\ObjectPool">
      <UniqueIdentifier>{16fc2162-f691-4e2b-b2f7-4b4058a13b18}</UniqueIdentifier>
    </Filter>
    <Filter Include="ヘッダー ファイル\Scene\Scenes\Debug\Physics">
      <UniqueIdentifier>{b76382f3-e1fd-40b9-9059-df3615d1e159}</UniqueIdentifier>
    </Filter>
    <Filter Include="ヘッダー ファイル\Debug\Physics">
      <UniqueIdentifier>{26dbeffc-d1d2-4895-bfaf-98b4c6047e96}</UniqueIdentifier>
    </Filter>
    <Filter Include="ソース ファイル\Scene\Scenes\Debug">
      <UniqueIdentifier>{a9977dbe-05a0-4372-b25f-efba25d48800}</UniqueIdentifier>
    </Filter>
    <Filter Include="ソース ファイル\Scene\Scenes\Debug\Physics">
      <UniqueIdentifier>{7d0c7e81-f6f8-4ec7-81ad-4398e6515afe}</UniqueIdentifier>
    </Filter>
    <Filter Include="ソース ファイル\Debug\Physics">
      <UniqueIdentifier>{22b25790-46bc-4850-a93b-5bd5c6281021}</UniqueIdentifier>
    </Filter>
    <Filter Include="ヘッダー ファイル\Scene\Scenes\Debug\Transform">
      <UniqueIdentifier>{e0b935cb-a0b6-4b71-99fc-e37bede14418}</UniqueIdentifier>
    </Filter>
    <Filter Include="ヘッダー ファイル\Debug\Transform">
      <UniqueIdentifier>{3febb48f-87f6-46bb-9ff9-b69d9dfcf0e1}</UniqueIdentifier>
    </Filter>
    <Filter Include="ヘッダー ファイル\System\Ray">
      <UniqueIdentifier>{cab3f7ac-08a2-48aa-af02-1f7776971669}</UniqueIdentifier>
    </Filter>
    <Filter Include="ヘッダー ファイル\System\Ray\Cast">
      <UniqueIdentifier>{837520e0-3765-494a-876e-3c30112d75e6}</UniqueIdentifier>
    </Filter>
    <Filter Include="ソース ファイル\System\Ray">
      <UniqueIdentifier>{7ecc08db-7dd8-4b8b-9517-5aa4a1842982}</UniqueIdentifier>
    </Filter>
    <Filter Include="ヘッダー ファイル\Scene\Scenes\Debug\Ccd">
      <UniqueIdentifier>{823fe469-76ea-4bf0-8144-ff1912885482}</UniqueIdentifier>
    </Filter>
    <Filter Include="ヘッダー ファイル\System\Thread">
      <UniqueIdentifier>{28b242d5-49ab-46ad-bb65-92d2a254f449}</UniqueIdentifier>
    </Filter>
    <Filter Include="ヘッダー ファイル\System\Thread\Pool">
      <UniqueIdentifier>{84d78d71-5e30-4234-a26d-8bed5f55dd49}</UniqueIdentifier>
    </Filter>
    <Filter Include="ヘッダー ファイル\System\Physics\Material">
      <UniqueIdentifier>{c17ceccd-661b-49d0-b2ea-be4eb776d870}</UniqueIdentifier>
    </Filter>
    <Filter Include="ヘッダー ファイル\System\Collision\Primitive\Compound">
      <UniqueIdentifier>{98b4a9b2-997a-46d4-92bf-77cea6456564}</UniqueIdentifier>
    </Filter>
    <Filter Include="ヘッダー ファイル\System\Collision\Primitive\HalfPlane">
      <UniqueIdentifier>{17694504-74e7-4cf7-805c-e9964bab27ee}</UniqueIdentifier>
    </Filter>
    <Filter Include="ソース ファイル\System\Collision\Primitive\HalfPlane">
      <UniqueIdentifier>{19a16c6b-03f6-4fb9-88df-91b425564725}</UniqueIdentifier>
    </Filter>
  </ItemGroup>
  <ItemGroup>
    <ClCompile Include="Main.cpp">
      <Filter>ソース ファイル</Filter>
    </ClCompile>
    <ClCompile Include="Assert.cpp">
      <Filter>ソース ファイル\System\Assert</Filter>
    </ClCompile>
    <ClCompile Include="Time.cpp">
      <Filter>ソース ファイル\System\Time</Filter>
    </ClCompile>
    <ClCompile Include="SceneManager.cpp">
      <Filter>ソース ファイル\Scene\Manager</Filter>
    </ClCompile>
    <ClCompile Include="TitleScene.cpp">
      <Filter>ソース ファイル\Scene\Scenes</Filter>
    </ClCompile>
    <ClCompile Include="MenuScene.cpp">
      <Filter>ソース ファイル\Scene\Scenes</Filter>
    </ClCompile>
    <ClCompile Include="KeyInput.cpp">
      <Filter>ソース ファイル\System\KeyInput</Filter>
    </ClCompile>
    <ClCompile Include="ObjectFactory.cpp">
      <Filter>ソース ファイル\System\Object\Factory</Filter>
    </ClCompile>
    <ClCompile Include="ObjectManager.cpp">
      <Filter>ソース ファイル\System\Object\Manager</Filter>
    </ClCompile>
    <ClCompile Include="ObjectPool.cpp">
      <Filter>ソース ファイル\System\Object\ObjectPool</Filter>
    </ClCompile>
    <ClCompile Include="ObjectController.cpp">
      <Filter>ソース ファイル\System\Object\Controller</Filter>
    </ClCompile>
    <ClCompile Include="Transform.cpp">
      <Filter>ソース ファイル\System\Transform</Filter>
    </ClCompile>
    <ClCompile Include="Math\Quaternion.cpp">
      <Filter>ソース ファイル\System\Quaternion</Filter>
    </ClCompile>
    <ClCompile Include="CameraController.cpp">
      <Filter>ソース ファイル\System\Camera\Controller</Filter>
    </ClCompile>
    <ClCompile Include="CameraManager.cpp">
      <Filter>ソース ファイル\System\Camera\Manager</Filter>
    </ClCompile>
    <ClCompile Include="Camera.cpp">
      <Filter>ソース ファイル\System\Camera\Camera</Filter>
    </ClCompile>
    <ClCompile Include="ColliderManager.cpp">
      <Filter>ソース ファイル\System\Collision\Manager</Filter>
    </ClCompile>
    <ClCompile Include="BoxCollider.cpp">
      <Filter>ソース ファイル\System\Collision\Primitive\Box</Filter>
    </ClCompile>
    <ClCompile Include="CapsuleCollider.cpp">
      <Filter>ソース ファイル\System\Collision\Primitive\Capsule</Filter>
    </ClCompile>
    <ClCompile Include="SphereCollider.cpp">
      <Filter>ソース ファイル\System\Collision\Primitive\Sphere</Filter>
    </ClCompile>
    <ClCompile Include="Debug Class.cpp">
      <Filter>ソース ファイル\Debug</Filter>
    </ClCompile>
    <ClCompile Include="SeManager.cpp">
      <Filter>ソース ファイル\System\Se\Manager</Filter>
    </ClCompile>
    <ClCompile Include="Se.cpp">
      <Filter>ソース ファイル\System\Se\Se</Filter>
    </ClCompile>
    <ClCompile Include="Bgm.cpp">
      <Filter>ソース ファイル\System\Bgm\Bgm</Filter>
    </ClCompile>
    <ClCompile Include="BgmManager.cpp">
      <Filter>ソース ファイル\System\Bgm\Manager</Filter>
    </ClCompile>
    <ClCompile Include="SceneTransition.cpp">
      <Filter>ソース ファイル\Scene\Transition</Filter>
    </ClCompile>
    <ClCompile Include="PhysicsBody.cpp">
      <Filter>ソース ファイル\System\Physics\Physics</Filter>
    </ClCompile>
    <ClCompile Include="PhysicsDebugClass.cpp">
      <Filter>ソース ファイル\Debug\Physics</Filter>
    </ClCompile>
    <ClCompile Include="Raycast.cpp">
      <Filter>ソース ファイル\System\Ray</Filter>
    </ClCompile>
    <ClCompile Include="PhysicsManager.cpp">
      <Filter>ソース ファイル\System\Physics\Manager</Filter>
    </ClCompile>
    <ClCompile Include="HalfPlaneCollider.cpp">
      <Filter>ソース ファイル\System\Collision\Primitive\HalfPlane</Filter>
    </ClCompile>
    <ClCompile Include="PhysicsScene.cpp">
      <Filter>ソース ファイル\Scene\Scenes\Debug\Physics</Filter>
    </ClCompile>
    <ClCompile Include="PhysicsLabScene.cpp">
      <Filter>ソース ファイル</Filter>
    </ClCompile>
  </ItemGroup>
  <ItemGroup>
    <ClInclude Include="Assert.h">
      <Filter>ヘッダー ファイル\System\Assert</Filter>
    </ClInclude>
    <ClInclude Include="Info.h">
      <Filter>ヘッダー ファイル\Info</Filter>
    </ClInclude>
    <ClInclude Include="Time.h">
      <Filter>ヘッダー ファイル\System\Time</Filter>
    </ClInclude>
    <ClInclude Include="SceneManager.h">
      <Filter>ヘッダー ファイル\Scene\Manager</Filter>
    </ClInclude>
    <ClInclude Include="SceneTpl.h">
      <Filter>ヘッダー ファイル\Scene</Filter>
    </ClInclude>
    <ClInclude Include="TitleScene.h">
      <Filter>ヘッダー ファイル\Scene\Scenes</Filter>
    </ClInclude>
    <ClInclude Include="MenuScene.h">
      <Filter>ヘッダー ファイル\Scene\Scenes</Filter>
    </ClInclude>
    <ClInclude Include="KeyInput.h">
      <Filter>ヘッダー ファイル\System\KeyInput</Filter>
    </ClInclude>
    <ClInclude Include="ObjectFactory.h">
      <Filter>ヘッダー ファイル\System\Object\Factory</Filter>
    </ClInclude>
    <ClInclude Include="GameObject.h">
      <Filter>ヘッダー ファイル\System\Object\GameObject</Filter>
    </ClInclude>
    <ClInclude Include="ObjectManager.h">
      <Filter>ヘッダー ファイル\System\Object\Manager</Filter>
    </ClInclude>
    <ClInclude Include="ObjectPool.h">
      <Filter>ヘッダー ファイル\System\Object\ObjectPool</Filter>
    </ClInclude>
    <ClInclude Include="ObjectController.h">
      <Filter>ヘッダー ファイル\System\Object\Controller</Filter>
    </ClInclude>
    <ClInclude Include="Transform.h">
      <Filter>ヘッダー ファイル\System\Transform</Filter>
    </ClInclude>
    <ClInclude Include="Math\Quaternion.h">
      <Filter>ヘッダー ファイル\System\Quaternion</Filter>
    </ClInclude>
    <ClInclude Include="Camera.h">
      <Filter>ヘッダー ファイル\System\Camera\Camera</Filter>
    </ClInclude>
    <ClInclude Include="CameraController.h">
      <Filter>ヘッダー ファイル\System\Camera\Controller</Filter>
    </ClInclude>
    <ClInclude Include="CameraManager.h">
      <Filter>ヘッダー ファイル\System\Camera\Manager</Filter>
    </ClInclude>
    <ClInclude Include="CameraTags.h">
      <Filter>ヘッダー ファイル\System\Camera\Tag</Filter>
    </ClInclude>
    <ClInclude Include="Collider.h">
      <Filter>ヘッダー ファイル\System\Collision\Collider</Filter>
    </ClInclude>
    <ClInclude Include="ColliderManager.h">
      <Filter>ヘッダー ファイル\System\Collision\Manager</Filter>
    </ClInclude>
    <ClInclude Include="ColliderType.h">
      <Filter>ヘッダー ファイル\System\Collision\Type</Filter>
    </ClInclude>
    <ClInclude Include="BoxCollider.h">
      <Filter>ヘッダー ファイル\System\Collision\Primitive\Box</Filter>
    </ClInclude>
    <ClInclude Include="CapsuleCollider.h">
      <Filter>ヘッダー ファイル\System\Collision\Primitive\Capsule</Filter>
    </ClInclude>
    <ClInclude Include="SphereCollider.h">
      <Filter>ヘッダー ファイル\System\Collision\Primitive\Sphere</Filter>
    </ClInclude>
    <ClInclude Include="LayerMask.h">
      <Filter>ヘッダー ファイル\System\Collision\LayerMask</Filter>
    </ClInclude>
    <ClInclude Include="Debug Class.h">
      <Filter>ヘッダー ファイル\Debug</Filter>
    </ClInclude>
    <ClInclude Include="CameraPool.h">
      <Filter>ヘッダー ファイル\System\Camera\CameraPool</Filter>
    </ClInclude>
    <ClInclude Include="Pool.h">
      <Filter>ヘッダー ファイル\System\Template\PoolTpl</Filter>
    </ClInclude>
    <ClInclude Include="Manager.h">
      <Filter>ヘッダー ファイル\System\Template\ManagerTpl</Filter>
    </ClInclude>
    <ClInclude Include="SePool.h">
      <Filter>ヘッダー ファイル\System\Se\Pool</Filter>
    </ClInclude>
    <ClInclude Include="SeManager.h">
      <Filter>ヘッダー ファイル\System\Se\Manager</Filter>
    </ClInclude>
    <ClInclude Include="Se.h">
      <Filter>ヘッダー ファイル\System\Se\Se</Filter>
    </ClInclude>
    <ClInclude Include="Bgm.h">
      <Filter>ヘッダー ファイル\System\Bgm\Bgm</Filter>
    </ClInclude>
    <ClInclude Include="BgmManager.h">
      <Filter>ヘッダー ファイル\System\Bgm\Manager</Filter>
    </ClInclude>
    <ClInclude Include="BgmPool.h">
      <Filter>ヘッダー ファイル\System\Bgm\Pool</Filter>
    </ClInclude>
    <ClInclude Include="SceneTransition.h">
      <Filter>ヘッダー ファイル\Scene\Transition</Filter>
    </ClInclude>
    <ClInclude Include="PhysicsManager.h">
      <Filter>ヘッダー ファイル\System\Physics\Manager</Filter>
    </ClInclude>
    <ClInclude Include="PhysicsController.h">
      <Filter>ヘッダー ファイル\System\Physics\Controller</Filter>
    </ClInclude>
    <ClInclude Include="PhysicsBody.h">
      <Filter>ヘッダー ファイル\System\Physics\Physics</Filter>
    </ClInclude>
    <ClInclude Include="ObjectPoolDebugClass.h">
      <Filter>ヘッダー ファイル\Debug\ObjectPool</Filter>
    </ClInclude>
    <ClInclude Include="CollisionDebugClass.h">
      <Filter>ヘッダー ファイル\Debug\Collision</Filter>
    </ClInclude>
    <ClInclude Include="CameraDebugClass.h">
      <Filter>ヘッダー ファイル\Debug\Camera</Filter>
    </ClInclude>
    <ClInclude Include="CameraScene.h">
      <Filter>ヘッダー ファイル\Scene\Scenes\Debug\Camera</Filter>
    </ClInclude>
    <ClInclude Include="CollisionScene.h">
      <Filter>ヘッダー ファイル\Scene\Scenes\Debug\Collision</Filter>
    </ClInclude>
    <ClInclude Include="PhysicsScene.h">
      <Filter>ヘッダー ファイル\Scene\Scenes\Debug\Physics</Filter>
    </ClInclude>
    <ClInclude Include="ObjectPoolScene.h">
      <Filter>ヘッダー ファイル\Scene\Scenes\Debug\ObjectPool</Filter>
    </ClInclude>
    <ClInclude Include="PhysicsDebugClass.h">
      <Filter>ヘッダー ファイル\Debug\Physics</Filter>
    </ClInclude>
    <ClInclude Include="TransformScene.h">
      <Filter>ヘッダー ファイル\Scene\Scenes\Debug\Transform</Filter>
    </ClInclude>
    <ClInclude Include="TransformDebugClass.h">
      <Filter>ヘッダー ファイル\Debug\Transform</Filter>
    </ClInclude>
    <ClInclude Include="Raycast.h">
      <Filter>ヘッダー ファイル\System\Ray\Cast</Filter>
    </ClInclude>
    <ClInclude Include="Ray.h">
      <Filter>ヘッダー ファイル\System\Ray</Filter>
    </ClInclude>
    <ClInclude Include="CcdScene.h">
      <Filter>ヘッダー ファイル\Scene\Scenes\Debug\Ccd</Filter>
    </ClInclude>
    <ClInclude Include="ThreadPool.h">
      <Filter>ヘッダー ファイル\System\Thread\Pool</Filter>
    </ClInclude>
    <ClInclude Include="PhysicsMaterial.h">
      <Filter>ヘッダー ファイル\System\Physics\Material</Filter>
    </ClInclude>
    <ClInclude Include="HalfPlaneCollider.h">
      <Filter>ヘッダー ファイル\System\Collision\Primitive\HalfPlane</Filter>
    </ClInclude>
    <ClInclude Include="CompoundCollider.h">
      <Filter>ヘッダー ファイル\System\Collision\Primitive\Compound</Filter>
    </ClInclude>
    <ClInclude Include="PhysicsLabScene.h">
      <Filter>ヘッダー ファイル</Filter>
    </ClInclude>
  </ItemGroup>
  <ItemGroup>
    <Text Include="オブジェクト構造想定.txt">
      <Filter>メモ</Filter>
    </Text>
    <Text Include="シーン遷移構造.txt">
      <Filter>メモ</Filter>
    </Text>
    <Text Include="ファクトリーメソッド.txt">
      <Filter>メモ</Filter>
    </Text>
    <Text Include="現状追加一覧.txt">
      <Filter>メモ</Filter>
    </Text>
    <Text Include="生成アルゴリズム.txt">
      <Filter>メモ</Filter>
    </Text>
    <Text Include="生成と再利用(オブジェクト).txt">
      <Filter>メモ</Filter>
    </Text>
    <Text Include="現在の実装内容.txt">
      <Filter>メモ</Filter>
    </Text>
    <Text Include="Camera_Manual_Reference.txt">
      <Filter>メモ\リファレンス・マニュアル\Camera</Filter>
    </Text>
    <Text Include="Object_Manual_Reference.txt">
      <Filter>メモ\リファレンス・マニュアル\Object</Filter>
    </Text>
  </ItemGroup>
</Project>